// !$*UTF8*$!
{
	archiveVersion = 1;
	classes = {
	};
	objectVersion = 46;
	objects = {

/* Begin PBXBuildFile section */
		000CE86B1494536E003002C3 /* Cocoa.framework in Frameworks */ = {isa = PBXBuildFile; fileRef = 000CE86A1494536E003002C3 /* Cocoa.framework */; };
		000CE8751494536E003002C3 /* InfoPlist.strings in Resources */ = {isa = PBXBuildFile; fileRef = 000CE8731494536E003002C3 /* InfoPlist.strings */; };
		000CE8771494536E003002C3 /* main.m in Sources */ = {isa = PBXBuildFile; fileRef = 000CE8761494536E003002C3 /* main.m */; };
		000CE87B1494536E003002C3 /* Credits.rtf in Resources */ = {isa = PBXBuildFile; fileRef = 000CE8791494536E003002C3 /* Credits.rtf */; };
		000CE87E1494536E003002C3 /* ITSAppDelegate.m in Sources */ = {isa = PBXBuildFile; fileRef = 000CE87D1494536E003002C3 /* ITSAppDelegate.m */; };
		000CE89E14945481003002C3 /* MMContentAssembler+iTunes.m in Sources */ = {isa = PBXBuildFile; fileRef = 000CE88A14945481003002C3 /* MMContentAssembler+iTunes.m */; };
		000CE8A414945481003002C3 /* ITSiTunesUtil.m in Sources */ = {isa = PBXBuildFile; fileRef = 000CE89B14945481003002C3 /* ITSiTunesUtil.m */; };
		000CE8A514945481003002C3 /* ITSiTunesWrapper.m in Sources */ = {isa = PBXBuildFile; fileRef = 000CE89D14945481003002C3 /* ITSiTunesWrapper.m */; };
		000CE8AB149454FF003002C3 /* ScriptingBridge.framework in Frameworks */ = {isa = PBXBuildFile; fileRef = 000CE8AA149454FF003002C3 /* ScriptingBridge.framework */; };
		000CE8D914945671003002C3 /* MainMenu.xib in Resources */ = {isa = PBXBuildFile; fileRef = 000CE8D814945671003002C3 /* MainMenu.xib */; };
		000CE8F314945F32003002C3 /* Cocoa.framework in Frameworks */ = {isa = PBXBuildFile; fileRef = 000CE86A1494536E003002C3 /* Cocoa.framework */; };
		000CE8F514945F32003002C3 /* PreferencePanes.framework in Frameworks */ = {isa = PBXBuildFile; fileRef = 000CE8F414945F32003002C3 /* PreferencePanes.framework */; };
		000CE8FB14945F33003002C3 /* InfoPlist.strings in Resources */ = {isa = PBXBuildFile; fileRef = 000CE8F914945F33003002C3 /* InfoPlist.strings */; };
		000CE8FF14945F33003002C3 /* iTunesServerPrefPane.m in Sources */ = {isa = PBXBuildFile; fileRef = 000CE8FE14945F33003002C3 /* iTunesServerPrefPane.m */; };
		000CE90114945F33003002C3 /* iTunesServerPrefPane.tiff in Resources */ = {isa = PBXBuildFile; fileRef = 000CE90014945F33003002C3 /* iTunesServerPrefPane.tiff */; };
		000CE90414945F33003002C3 /* iTunesServerPrefPane.xib in Resources */ = {isa = PBXBuildFile; fileRef = 000CE90214945F33003002C3 /* iTunesServerPrefPane.xib */; };
		000CE98114955BBB003002C3 /* ITSConfiguration.h in Headers */ = {isa = PBXBuildFile; fileRef = 000CE97F14955BBB003002C3 /* ITSConfiguration.h */; };
		000CE98214955BBB003002C3 /* ITSConfiguration.m in Sources */ = {isa = PBXBuildFile; fileRef = 000CE98014955BBB003002C3 /* ITSConfiguration.m */; };
		000CE98314955BBB003002C3 /* ITSConfiguration.m in Sources */ = {isa = PBXBuildFile; fileRef = 000CE98014955BBB003002C3 /* ITSConfiguration.m */; };
		000CE98614955DF7003002C3 /* iTunesServer.sdef in Resources */ = {isa = PBXBuildFile; fileRef = 000CE98514955DF7003002C3 /* iTunesServer.sdef */; };
		000CE991149572D7003002C3 /* ScriptingBridge.framework in Frameworks */ = {isa = PBXBuildFile; fileRef = 000CE8AA149454FF003002C3 /* ScriptingBridge.framework */; };
		001F2F3B14A80AF700086BB8 /* libz.dylib in Frameworks */ = {isa = PBXBuildFile; fileRef = 001F2F3A14A80AF700086BB8 /* libz.dylib */; };
		001F2F3D14A80B1B00086BB8 /* libstdc++.dylib in Frameworks */ = {isa = PBXBuildFile; fileRef = 001F2F3C14A80B1B00086BB8 /* libstdc++.dylib */; };
		001F2F3F14A80B3700086BB8 /* libbz2.dylib in Frameworks */ = {isa = PBXBuildFile; fileRef = 001F2F3E14A80B3700086BB8 /* libbz2.dylib */; };
		001F2F4914A80C6E00086BB8 /* AudioToolbox.framework in Frameworks */ = {isa = PBXBuildFile; fileRef = 001F2F4814A80C6E00086BB8 /* AudioToolbox.framework */; };
		001F2F4B14A80CB300086BB8 /* libiconv.dylib in Frameworks */ = {isa = PBXBuildFile; fileRef = 001F2F4A14A80CB300086BB8 /* libiconv.dylib */; };
		001F2F8414A80E7200086BB8 /* libhb.a in Frameworks */ = {isa = PBXBuildFile; fileRef = 001F2F8314A80E7200086BB8 /* libhb.a */; };
		001F2FDB14A81C3800086BB8 /* ITSEncoder.m in Sources */ = {isa = PBXBuildFile; fileRef = 001F2FDA14A81C3800086BB8 /* ITSEncoder.m */; };
		001F2FF914A9447300086BB8 /* ITSEncodingRepository.m in Sources */ = {isa = PBXBuildFile; fileRef = 001F2FF814A9447300086BB8 /* ITSEncodingRepository.m */; };
		0023635C14ACF7350084A054 /* ITSAbstractContentResource.m in Sources */ = {isa = PBXBuildFile; fileRef = 0023635214ACF7340084A054 /* ITSAbstractContentResource.m */; };
		0023635D14ACF7350084A054 /* ITSLibraryResource.m in Sources */ = {isa = PBXBuildFile; fileRef = 0023635414ACF7340084A054 /* ITSLibraryResource.m */; };
		0023635E14ACF7350084A054 /* ITSPlaylistResource.m in Sources */ = {isa = PBXBuildFile; fileRef = 0023635614ACF7350084A054 /* ITSPlaylistResource.m */; };
		0023635F14ACF7350084A054 /* ITSTrackResource.m in Sources */ = {isa = PBXBuildFile; fileRef = 0023635814ACF7350084A054 /* ITSTrackResource.m */; };
		0023636014ACF7350084A054 /* ITSEncodeResource.m in Sources */ = {isa = PBXBuildFile; fileRef = 0023635B14ACF7350084A054 /* ITSEncodeResource.m */; };
		003DE0B6149576C3004DC839 /* ITSConfigurationRepository.m in Sources */ = {isa = PBXBuildFile; fileRef = 003DE0B2149576C3004DC839 /* ITSConfigurationRepository.m */; };
		003DE0B7149576C3004DC839 /* ITSiTunesContentRepository.m in Sources */ = {isa = PBXBuildFile; fileRef = 003DE0B5149576C3004DC839 /* ITSiTunesContentRepository.m */; };
		003DE0C714958D12004DC839 /* ITSApplication.m in Sources */ = {isa = PBXBuildFile; fileRef = 003DE0C614958D12004DC839 /* ITSApplication.m */; };
		0062B25D1495A94100160289 /* ITSDefaults.h in Headers */ = {isa = PBXBuildFile; fileRef = 0062B25B1495A94100160289 /* ITSDefaults.h */; };
		0062B25E1495A94100160289 /* ITSDefaults.m in Sources */ = {isa = PBXBuildFile; fileRef = 0062B25C1495A94100160289 /* ITSDefaults.m */; };
		0062B25F1495A94100160289 /* ITSDefaults.m in Sources */ = {isa = PBXBuildFile; fileRef = 0062B25C1495A94100160289 /* ITSDefaults.m */; };
		0062B2981495DA7000160289 /* ITSFolderItem.m in Sources */ = {isa = PBXBuildFile; fileRef = 0062B2951495DA7000160289 /* ITSFolderItem.m */; };
		0062B2991495DA7000160289 /* ITSFolderScanner.m in Sources */ = {isa = PBXBuildFile; fileRef = 0062B2971495DA7000160289 /* ITSFolderScanner.m */; };
		0062B29C1495DA8600160289 /* ITSFolderItemList.m in Sources */ = {isa = PBXBuildFile; fileRef = 0062B29B1495DA8600160289 /* ITSFolderItemList.m */; };
		00823F9A14AE7A7900CEDDEB /* MMAudioTrack+MMAudioTrack_Handbrake.m in Sources */ = {isa = PBXBuildFile; fileRef = 00823F9914AE7A7900CEDDEB /* MMAudioTrack+MMAudioTrack_Handbrake.m */; };
		00D3E226149732BC003EC047 /* ITSConfigurationRepository.h in Headers */ = {isa = PBXBuildFile; fileRef = 003DE0B1149576C3004DC839 /* ITSConfigurationRepository.h */; };
		00D3E227149732BC003EC047 /* ITSConfigurationRepository.m in Sources */ = {isa = PBXBuildFile; fileRef = 003DE0B2149576C3004DC839 /* ITSConfigurationRepository.m */; };
		00DB3EA014B30A1E00B5963C /* liba52.a in Frameworks */ = {isa = PBXBuildFile; fileRef = 00DB3E7F14B30A1E00B5963C /* liba52.a */; };
		00DB3EA114B30A1E00B5963C /* libass.a in Frameworks */ = {isa = PBXBuildFile; fileRef = 00DB3E8014B30A1E00B5963C /* libass.a */; };
		00DB3EA214B30A1E00B5963C /* libavcodec.a in Frameworks */ = {isa = PBXBuildFile; fileRef = 00DB3E8114B30A1E00B5963C /* libavcodec.a */; };
		00DB3EA314B30A1E00B5963C /* libavdevice.a in Frameworks */ = {isa = PBXBuildFile; fileRef = 00DB3E8214B30A1E00B5963C /* libavdevice.a */; };
		00DB3EA414B30A1E00B5963C /* libavfilter.a in Frameworks */ = {isa = PBXBuildFile; fileRef = 00DB3E8314B30A1E00B5963C /* libavfilter.a */; };
		00DB3EA514B30A1E00B5963C /* libavformat.a in Frameworks */ = {isa = PBXBuildFile; fileRef = 00DB3E8414B30A1E00B5963C /* libavformat.a */; };
		00DB3EA614B30A1E00B5963C /* libavutil.a in Frameworks */ = {isa = PBXBuildFile; fileRef = 00DB3E8514B30A1E00B5963C /* libavutil.a */; };
		00DB3EA714B30A1E00B5963C /* libbluray.a in Frameworks */ = {isa = PBXBuildFile; fileRef = 00DB3E8614B30A1E00B5963C /* libbluray.a */; };
		00DB3EA814B30A1E00B5963C /* libdca.a in Frameworks */ = {isa = PBXBuildFile; fileRef = 00DB3E8714B30A1E00B5963C /* libdca.a */; };
		00DB3EA914B30A1E00B5963C /* libdvdnav.a in Frameworks */ = {isa = PBXBuildFile; fileRef = 00DB3E8814B30A1E00B5963C /* libdvdnav.a */; };
		00DB3EAA14B30A1E00B5963C /* libdvdnavmini.a in Frameworks */ = {isa = PBXBuildFile; fileRef = 00DB3E8914B30A1E00B5963C /* libdvdnavmini.a */; };
		00DB3EAB14B30A1E00B5963C /* libdvdread.a in Frameworks */ = {isa = PBXBuildFile; fileRef = 00DB3E8A14B30A1E00B5963C /* libdvdread.a */; };
		00DB3EAC14B30A1E00B5963C /* libfaac.a in Frameworks */ = {isa = PBXBuildFile; fileRef = 00DB3E8B14B30A1E00B5963C /* libfaac.a */; };
		00DB3EAD14B30A1E00B5963C /* libfontconfig.a in Frameworks */ = {isa = PBXBuildFile; fileRef = 00DB3E8C14B30A1E00B5963C /* libfontconfig.a */; };
		00DB3EAE14B30A1E00B5963C /* libfreetype.a in Frameworks */ = {isa = PBXBuildFile; fileRef = 00DB3E8D14B30A1E00B5963C /* libfreetype.a */; };
		00DB3EAF14B30A1E00B5963C /* libfribidi.a in Frameworks */ = {isa = PBXBuildFile; fileRef = 00DB3E8E14B30A1E00B5963C /* libfribidi.a */; };
		00DB3EB014B30A1E00B5963C /* libmkv.a in Frameworks */ = {isa = PBXBuildFile; fileRef = 00DB3E8F14B30A1E00B5963C /* libmkv.a */; };
		00DB3EB114B30A1E00B5963C /* libmp3lame.a in Frameworks */ = {isa = PBXBuildFile; fileRef = 00DB3E9014B30A1E00B5963C /* libmp3lame.a */; };
		00DB3EB214B30A1E00B5963C /* libmp4v2.a in Frameworks */ = {isa = PBXBuildFile; fileRef = 00DB3E9114B30A1E00B5963C /* libmp4v2.a */; };
		00DB3EB314B30A1E00B5963C /* libmpeg2.a in Frameworks */ = {isa = PBXBuildFile; fileRef = 00DB3E9214B30A1E00B5963C /* libmpeg2.a */; };
		00DB3EB414B30A1E00B5963C /* libmpeg2convert.a in Frameworks */ = {isa = PBXBuildFile; fileRef = 00DB3E9314B30A1E00B5963C /* libmpeg2convert.a */; };
		00DB3EB514B30A1E00B5963C /* libogg.a in Frameworks */ = {isa = PBXBuildFile; fileRef = 00DB3E9414B30A1E00B5963C /* libogg.a */; };
		00DB3EB614B30A1E00B5963C /* libpostproc.a in Frameworks */ = {isa = PBXBuildFile; fileRef = 00DB3E9514B30A1E00B5963C /* libpostproc.a */; };
		00DB3EB714B30A1E00B5963C /* libsamplerate.a in Frameworks */ = {isa = PBXBuildFile; fileRef = 00DB3E9614B30A1E00B5963C /* libsamplerate.a */; };
		00DB3EB814B30A1E00B5963C /* libswscale.a in Frameworks */ = {isa = PBXBuildFile; fileRef = 00DB3E9714B30A1E00B5963C /* libswscale.a */; };
		00DB3EB914B30A1E00B5963C /* libtheora.a in Frameworks */ = {isa = PBXBuildFile; fileRef = 00DB3E9814B30A1E00B5963C /* libtheora.a */; };
		00DB3EBA14B30A1E00B5963C /* libtheoradec.a in Frameworks */ = {isa = PBXBuildFile; fileRef = 00DB3E9914B30A1E00B5963C /* libtheoradec.a */; };
		00DB3EBB14B30A1E00B5963C /* libtheoraenc.a in Frameworks */ = {isa = PBXBuildFile; fileRef = 00DB3E9A14B30A1E00B5963C /* libtheoraenc.a */; };
		00DB3EBC14B30A1E00B5963C /* libvorbis.a in Frameworks */ = {isa = PBXBuildFile; fileRef = 00DB3E9B14B30A1E00B5963C /* libvorbis.a */; };
		00DB3EBD14B30A1E00B5963C /* libvorbisenc.a in Frameworks */ = {isa = PBXBuildFile; fileRef = 00DB3E9C14B30A1E00B5963C /* libvorbisenc.a */; };
		00DB3EBE14B30A1E00B5963C /* libvorbisfile.a in Frameworks */ = {isa = PBXBuildFile; fileRef = 00DB3E9D14B30A1E00B5963C /* libvorbisfile.a */; };
		00DB3EBF14B30A1E00B5963C /* libx264.a in Frameworks */ = {isa = PBXBuildFile; fileRef = 00DB3E9E14B30A1E00B5963C /* libx264.a */; };
		00DB3EC014B30A1E00B5963C /* libxml2.a in Frameworks */ = {isa = PBXBuildFile; fileRef = 00DB3E9F14B30A1E00B5963C /* libxml2.a */; };
		00DB3EDB14B40EC000B5963C /* MMTitle+MMTitle_Handbrake.m in Sources */ = {isa = PBXBuildFile; fileRef = 00DB3EDA14B40EBF00B5963C /* MMTitle+MMTitle_Handbrake.m */; };
/* End PBXBuildFile section */

/* Begin PBXFileReference section */
		000CE8661494536E003002C3 /* iTunesServer.app */ = {isa = PBXFileReference; explicitFileType = wrapper.application; includeInIndex = 0; path = iTunesServer.app; sourceTree = BUILT_PRODUCTS_DIR; };
		000CE86A1494536E003002C3 /* Cocoa.framework */ = {isa = PBXFileReference; lastKnownFileType = wrapper.framework; name = Cocoa.framework; path = System/Library/Frameworks/Cocoa.framework; sourceTree = SDKROOT; };
		000CE86D1494536E003002C3 /* AppKit.framework */ = {isa = PBXFileReference; lastKnownFileType = wrapper.framework; name = AppKit.framework; path = System/Library/Frameworks/AppKit.framework; sourceTree = SDKROOT; };
		000CE86E1494536E003002C3 /* CoreData.framework */ = {isa = PBXFileReference; lastKnownFileType = wrapper.framework; name = CoreData.framework; path = System/Library/Frameworks/CoreData.framework; sourceTree = SDKROOT; };
		000CE86F1494536E003002C3 /* Foundation.framework */ = {isa = PBXFileReference; lastKnownFileType = wrapper.framework; name = Foundation.framework; path = System/Library/Frameworks/Foundation.framework; sourceTree = SDKROOT; };
		000CE8721494536E003002C3 /* iTunesServer-Info.plist */ = {isa = PBXFileReference; lastKnownFileType = text.plist.xml; path = "iTunesServer-Info.plist"; sourceTree = "<group>"; };
		000CE8741494536E003002C3 /* en */ = {isa = PBXFileReference; lastKnownFileType = text.plist.strings; name = en; path = en.lproj/InfoPlist.strings; sourceTree = "<group>"; };
		000CE8761494536E003002C3 /* main.m */ = {isa = PBXFileReference; lastKnownFileType = sourcecode.c.objc; path = main.m; sourceTree = "<group>"; };
		000CE8781494536E003002C3 /* iTunesServer-Prefix.pch */ = {isa = PBXFileReference; lastKnownFileType = sourcecode.c.h; path = "iTunesServer-Prefix.pch"; sourceTree = "<group>"; };
		000CE87A1494536E003002C3 /* en */ = {isa = PBXFileReference; lastKnownFileType = text.rtf; name = en; path = en.lproj/Credits.rtf; sourceTree = "<group>"; };
		000CE87C1494536E003002C3 /* ITSAppDelegate.h */ = {isa = PBXFileReference; lastKnownFileType = sourcecode.c.h; path = ITSAppDelegate.h; sourceTree = "<group>"; };
		000CE87D1494536E003002C3 /* ITSAppDelegate.m */ = {isa = PBXFileReference; lastKnownFileType = sourcecode.c.objc; path = ITSAppDelegate.m; sourceTree = "<group>"; };
		000CE88914945481003002C3 /* MMContentAssembler+iTunes.h */ = {isa = PBXFileReference; fileEncoding = 4; lastKnownFileType = sourcecode.c.h; path = "MMContentAssembler+iTunes.h"; sourceTree = "<group>"; };
		000CE88A14945481003002C3 /* MMContentAssembler+iTunes.m */ = {isa = PBXFileReference; fileEncoding = 4; lastKnownFileType = sourcecode.c.objc; path = "MMContentAssembler+iTunes.m"; sourceTree = "<group>"; };
		000CE89814945481003002C3 /* iTunes.h */ = {isa = PBXFileReference; fileEncoding = 4; lastKnownFileType = sourcecode.c.h; path = iTunes.h; sourceTree = "<group>"; };
		000CE89A14945481003002C3 /* ITSiTunesUtil.h */ = {isa = PBXFileReference; fileEncoding = 4; lastKnownFileType = sourcecode.c.h; path = ITSiTunesUtil.h; sourceTree = "<group>"; };
		000CE89B14945481003002C3 /* ITSiTunesUtil.m */ = {isa = PBXFileReference; fileEncoding = 4; lastKnownFileType = sourcecode.c.objc; path = ITSiTunesUtil.m; sourceTree = "<group>"; };
		000CE89C14945481003002C3 /* ITSiTunesWrapper.h */ = {isa = PBXFileReference; fileEncoding = 4; lastKnownFileType = sourcecode.c.h; path = ITSiTunesWrapper.h; sourceTree = "<group>"; };
		000CE89D14945481003002C3 /* ITSiTunesWrapper.m */ = {isa = PBXFileReference; fileEncoding = 4; lastKnownFileType = sourcecode.c.objc; path = ITSiTunesWrapper.m; sourceTree = "<group>"; };
		000CE8AA149454FF003002C3 /* ScriptingBridge.framework */ = {isa = PBXFileReference; lastKnownFileType = wrapper.framework; name = ScriptingBridge.framework; path = System/Library/Frameworks/ScriptingBridge.framework; sourceTree = SDKROOT; };
		000CE8D814945671003002C3 /* MainMenu.xib */ = {isa = PBXFileReference; fileEncoding = 4; lastKnownFileType = file.xib; path = MainMenu.xib; sourceTree = "<group>"; };
		000CE8F214945F32003002C3 /* iTunes Server.prefPane */ = {isa = PBXFileReference; explicitFileType = wrapper.cfbundle; includeInIndex = 0; path = "iTunes Server.prefPane"; sourceTree = BUILT_PRODUCTS_DIR; };
		000CE8F414945F32003002C3 /* PreferencePanes.framework */ = {isa = PBXFileReference; lastKnownFileType = wrapper.framework; name = PreferencePanes.framework; path = System/Library/Frameworks/PreferencePanes.framework; sourceTree = SDKROOT; };
		000CE8F814945F33003002C3 /* iTunesServerPrefPane-Info.plist */ = {isa = PBXFileReference; lastKnownFileType = text.plist.xml; path = "iTunesServerPrefPane-Info.plist"; sourceTree = "<group>"; };
		000CE8FA14945F33003002C3 /* en */ = {isa = PBXFileReference; lastKnownFileType = text.plist.strings; name = en; path = en.lproj/InfoPlist.strings; sourceTree = "<group>"; };
		000CE8FC14945F33003002C3 /* iTunesServerPrefPane-Prefix.pch */ = {isa = PBXFileReference; lastKnownFileType = sourcecode.c.h; path = "iTunesServerPrefPane-Prefix.pch"; sourceTree = "<group>"; };
		000CE8FD14945F33003002C3 /* iTunesServerPrefPane.h */ = {isa = PBXFileReference; lastKnownFileType = sourcecode.c.h; path = iTunesServerPrefPane.h; sourceTree = "<group>"; };
		000CE8FE14945F33003002C3 /* iTunesServerPrefPane.m */ = {isa = PBXFileReference; lastKnownFileType = sourcecode.c.objc; path = iTunesServerPrefPane.m; sourceTree = "<group>"; };
		000CE90014945F33003002C3 /* iTunesServerPrefPane.tiff */ = {isa = PBXFileReference; lastKnownFileType = image.tiff; path = iTunesServerPrefPane.tiff; sourceTree = "<group>"; };
		000CE90314945F33003002C3 /* en */ = {isa = PBXFileReference; lastKnownFileType = file.xib; name = en; path = en.lproj/iTunesServerPrefPane.xib; sourceTree = "<group>"; };
		000CE96514947DAD003002C3 /* Rakefile */ = {isa = PBXFileReference; lastKnownFileType = text; path = Rakefile; sourceTree = "<group>"; };
		000CE97F14955BBB003002C3 /* ITSConfiguration.h */ = {isa = PBXFileReference; fileEncoding = 4; lastKnownFileType = sourcecode.c.h; name = ITSConfiguration.h; path = domain/configuration/ITSConfiguration.h; sourceTree = "<group>"; };
		000CE98014955BBB003002C3 /* ITSConfiguration.m */ = {isa = PBXFileReference; fileEncoding = 4; lastKnownFileType = sourcecode.c.objc; name = ITSConfiguration.m; path = domain/configuration/ITSConfiguration.m; sourceTree = "<group>"; };
		000CE98514955DF7003002C3 /* iTunesServer.sdef */ = {isa = PBXFileReference; fileEncoding = 4; lastKnownFileType = text; path = iTunesServer.sdef; sourceTree = "<group>"; };
		000CE990149572C9003002C3 /* iTunesServer.h */ = {isa = PBXFileReference; fileEncoding = 4; lastKnownFileType = sourcecode.c.h; path = iTunesServer.h; sourceTree = "<group>"; };
		001F2EEF14A805F500086BB8 /* common.h */ = {isa = PBXFileReference; fileEncoding = 4; lastKnownFileType = sourcecode.c.h; path = common.h; sourceTree = "<group>"; };
		001F2EF014A805F500086BB8 /* deccc608sub.h */ = {isa = PBXFileReference; fileEncoding = 4; lastKnownFileType = sourcecode.c.h; path = deccc608sub.h; sourceTree = "<group>"; };
		001F2EF114A805F500086BB8 /* downmix.h */ = {isa = PBXFileReference; fileEncoding = 4; lastKnownFileType = sourcecode.c.h; path = downmix.h; sourceTree = "<group>"; };
		001F2EF214A805F500086BB8 /* dvd.h */ = {isa = PBXFileReference; fileEncoding = 4; lastKnownFileType = sourcecode.c.h; path = dvd.h; sourceTree = "<group>"; };
		001F2EF314A805F500086BB8 /* eedi2.h */ = {isa = PBXFileReference; fileEncoding = 4; lastKnownFileType = sourcecode.c.h; path = eedi2.h; sourceTree = "<group>"; };
		001F2EF414A805F500086BB8 /* hb.h */ = {isa = PBXFileReference; fileEncoding = 4; lastKnownFileType = sourcecode.c.h; path = hb.h; sourceTree = "<group>"; };
		001F2EF514A805F500086BB8 /* hbffmpeg.h */ = {isa = PBXFileReference; fileEncoding = 4; lastKnownFileType = sourcecode.c.h; path = hbffmpeg.h; sourceTree = "<group>"; };
		001F2EF614A805F500086BB8 /* internal.h */ = {isa = PBXFileReference; fileEncoding = 4; lastKnownFileType = sourcecode.c.h; path = internal.h; sourceTree = "<group>"; };
		001F2EF714A805F500086BB8 /* lang.h */ = {isa = PBXFileReference; fileEncoding = 4; lastKnownFileType = sourcecode.c.h; path = lang.h; sourceTree = "<group>"; };
		001F2EF814A805F500086BB8 /* ports.h */ = {isa = PBXFileReference; fileEncoding = 4; lastKnownFileType = sourcecode.c.h; path = ports.h; sourceTree = "<group>"; };
		001F2EF914A805F500086BB8 /* project.h */ = {isa = PBXFileReference; fileEncoding = 4; lastKnownFileType = sourcecode.c.h; path = project.h; sourceTree = "<group>"; };
		001F2F3A14A80AF700086BB8 /* libz.dylib */ = {isa = PBXFileReference; lastKnownFileType = "compiled.mach-o.dylib"; name = libz.dylib; path = usr/lib/libz.dylib; sourceTree = SDKROOT; };
		001F2F3C14A80B1B00086BB8 /* libstdc++.dylib */ = {isa = PBXFileReference; lastKnownFileType = "compiled.mach-o.dylib"; name = "libstdc++.dylib"; path = "usr/lib/libstdc++.dylib"; sourceTree = SDKROOT; };
		001F2F3E14A80B3700086BB8 /* libbz2.dylib */ = {isa = PBXFileReference; lastKnownFileType = "compiled.mach-o.dylib"; name = libbz2.dylib; path = usr/lib/libbz2.dylib; sourceTree = SDKROOT; };
		001F2F4414A80C4200086BB8 /* CoreAudio.framework */ = {isa = PBXFileReference; lastKnownFileType = wrapper.framework; name = CoreAudio.framework; path = System/Library/Frameworks/CoreAudio.framework; sourceTree = SDKROOT; };
		001F2F4614A80C4D00086BB8 /* CoreAudioKit.framework */ = {isa = PBXFileReference; lastKnownFileType = wrapper.framework; name = CoreAudioKit.framework; path = System/Library/Frameworks/CoreAudioKit.framework; sourceTree = SDKROOT; };
		001F2F4814A80C6E00086BB8 /* AudioToolbox.framework */ = {isa = PBXFileReference; lastKnownFileType = wrapper.framework; name = AudioToolbox.framework; path = System/Library/Frameworks/AudioToolbox.framework; sourceTree = SDKROOT; };
		001F2F4A14A80CB300086BB8 /* libiconv.dylib */ = {isa = PBXFileReference; lastKnownFileType = "compiled.mach-o.dylib"; name = libiconv.dylib; path = usr/lib/libiconv.dylib; sourceTree = SDKROOT; };
		001F2F8314A80E7200086BB8 /* libhb.a */ = {isa = PBXFileReference; lastKnownFileType = archive.ar; path = libhb.a; sourceTree = "<group>"; };
		001F2FD914A81C3800086BB8 /* ITSEncoder.h */ = {isa = PBXFileReference; fileEncoding = 4; lastKnownFileType = sourcecode.c.h; name = ITSEncoder.h; path = domain/encoder/ITSEncoder.h; sourceTree = "<group>"; };
		001F2FDA14A81C3800086BB8 /* ITSEncoder.m */ = {isa = PBXFileReference; fileEncoding = 4; lastKnownFileType = sourcecode.c.objc; name = ITSEncoder.m; path = domain/encoder/ITSEncoder.m; sourceTree = "<group>"; };
		001F2FF714A9447300086BB8 /* ITSEncodingRepository.h */ = {isa = PBXFileReference; fileEncoding = 4; lastKnownFileType = sourcecode.c.h; name = ITSEncodingRepository.h; path = iTunesServer/Classes/repository/encoder/ITSEncodingRepository.h; sourceTree = SOURCE_ROOT; };
		001F2FF814A9447300086BB8 /* ITSEncodingRepository.m */ = {isa = PBXFileReference; fileEncoding = 4; lastKnownFileType = sourcecode.c.objc; name = ITSEncodingRepository.m; path = iTunesServer/Classes/repository/encoder/ITSEncodingRepository.m; sourceTree = SOURCE_ROOT; };
		0023635114ACF7340084A054 /* ITSAbstractContentResource.h */ = {isa = PBXFileReference; fileEncoding = 4; lastKnownFileType = sourcecode.c.h; path = ITSAbstractContentResource.h; sourceTree = "<group>"; };
		0023635214ACF7340084A054 /* ITSAbstractContentResource.m */ = {isa = PBXFileReference; fileEncoding = 4; lastKnownFileType = sourcecode.c.objc; path = ITSAbstractContentResource.m; sourceTree = "<group>"; };
		0023635314ACF7340084A054 /* ITSLibraryResource.h */ = {isa = PBXFileReference; fileEncoding = 4; lastKnownFileType = sourcecode.c.h; path = ITSLibraryResource.h; sourceTree = "<group>"; };
		0023635414ACF7340084A054 /* ITSLibraryResource.m */ = {isa = PBXFileReference; fileEncoding = 4; lastKnownFileType = sourcecode.c.objc; path = ITSLibraryResource.m; sourceTree = "<group>"; };
		0023635514ACF7340084A054 /* ITSPlaylistResource.h */ = {isa = PBXFileReference; fileEncoding = 4; lastKnownFileType = sourcecode.c.h; path = ITSPlaylistResource.h; sourceTree = "<group>"; };
		0023635614ACF7350084A054 /* ITSPlaylistResource.m */ = {isa = PBXFileReference; fileEncoding = 4; lastKnownFileType = sourcecode.c.objc; path = ITSPlaylistResource.m; sourceTree = "<group>"; };
		0023635714ACF7350084A054 /* ITSTrackResource.h */ = {isa = PBXFileReference; fileEncoding = 4; lastKnownFileType = sourcecode.c.h; path = ITSTrackResource.h; sourceTree = "<group>"; };
		0023635814ACF7350084A054 /* ITSTrackResource.m */ = {isa = PBXFileReference; fileEncoding = 4; lastKnownFileType = sourcecode.c.objc; path = ITSTrackResource.m; sourceTree = "<group>"; };
		0023635A14ACF7350084A054 /* ITSEncodeResource.h */ = {isa = PBXFileReference; fileEncoding = 4; lastKnownFileType = sourcecode.c.h; path = ITSEncodeResource.h; sourceTree = "<group>"; };
		0023635B14ACF7350084A054 /* ITSEncodeResource.m */ = {isa = PBXFileReference; fileEncoding = 4; lastKnownFileType = sourcecode.c.objc; path = ITSEncodeResource.m; sourceTree = "<group>"; };
		003DE0B1149576C3004DC839 /* ITSConfigurationRepository.h */ = {isa = PBXFileReference; fileEncoding = 4; lastKnownFileType = sourcecode.c.h; path = ITSConfigurationRepository.h; sourceTree = "<group>"; };
		003DE0B2149576C3004DC839 /* ITSConfigurationRepository.m */ = {isa = PBXFileReference; fileEncoding = 4; lastKnownFileType = sourcecode.c.objc; path = ITSConfigurationRepository.m; sourceTree = "<group>"; };
		003DE0B4149576C3004DC839 /* ITSiTunesContentRepository.h */ = {isa = PBXFileReference; fileEncoding = 4; lastKnownFileType = sourcecode.c.h; path = ITSiTunesContentRepository.h; sourceTree = "<group>"; };
		003DE0B5149576C3004DC839 /* ITSiTunesContentRepository.m */ = {isa = PBXFileReference; fileEncoding = 4; lastKnownFileType = sourcecode.c.objc; path = ITSiTunesContentRepository.m; sourceTree = "<group>"; };
		003DE0C514958D12004DC839 /* ITSApplication.h */ = {isa = PBXFileReference; fileEncoding = 4; lastKnownFileType = sourcecode.c.h; name = ITSApplication.h; path = application/ITSApplication.h; sourceTree = "<group>"; };
		003DE0C614958D12004DC839 /* ITSApplication.m */ = {isa = PBXFileReference; fileEncoding = 4; lastKnownFileType = sourcecode.c.objc; name = ITSApplication.m; path = application/ITSApplication.m; sourceTree = "<group>"; };
		0062B25B1495A94100160289 /* ITSDefaults.h */ = {isa = PBXFileReference; fileEncoding = 4; lastKnownFileType = sourcecode.c.h; name = ITSDefaults.h; path = domain/configuration/ITSDefaults.h; sourceTree = "<group>"; };
		0062B25C1495A94100160289 /* ITSDefaults.m */ = {isa = PBXFileReference; fileEncoding = 4; lastKnownFileType = sourcecode.c.objc; name = ITSDefaults.m; path = domain/configuration/ITSDefaults.m; sourceTree = "<group>"; };
		0062B2941495DA7000160289 /* ITSFolderItem.h */ = {isa = PBXFileReference; fileEncoding = 4; lastKnownFileType = sourcecode.c.h; path = ITSFolderItem.h; sourceTree = "<group>"; };
		0062B2951495DA7000160289 /* ITSFolderItem.m */ = {isa = PBXFileReference; fileEncoding = 4; lastKnownFileType = sourcecode.c.objc; path = ITSFolderItem.m; sourceTree = "<group>"; };
		0062B2961495DA7000160289 /* ITSFolderScanner.h */ = {isa = PBXFileReference; fileEncoding = 4; lastKnownFileType = sourcecode.c.h; path = ITSFolderScanner.h; sourceTree = "<group>"; };
		0062B2971495DA7000160289 /* ITSFolderScanner.m */ = {isa = PBXFileReference; fileEncoding = 4; lastKnownFileType = sourcecode.c.objc; path = ITSFolderScanner.m; sourceTree = "<group>"; };
		0062B29A1495DA8600160289 /* ITSFolderItemList.h */ = {isa = PBXFileReference; fileEncoding = 4; lastKnownFileType = sourcecode.c.h; path = ITSFolderItemList.h; sourceTree = "<group>"; };
		0062B29B1495DA8600160289 /* ITSFolderItemList.m */ = {isa = PBXFileReference; fileEncoding = 4; lastKnownFileType = sourcecode.c.objc; path = ITSFolderItemList.m; sourceTree = "<group>"; };
		00823F9814AE7A7900CEDDEB /* MMAudioTrack+MMAudioTrack_Handbrake.h */ = {isa = PBXFileReference; fileEncoding = 4; lastKnownFileType = sourcecode.c.h; name = "MMAudioTrack+MMAudioTrack_Handbrake.h"; path = "domain/encoder/MMAudioTrack+MMAudioTrack_Handbrake.h"; sourceTree = "<group>"; };
		00823F9914AE7A7900CEDDEB /* MMAudioTrack+MMAudioTrack_Handbrake.m */ = {isa = PBXFileReference; fileEncoding = 4; lastKnownFileType = sourcecode.c.objc; name = "MMAudioTrack+MMAudioTrack_Handbrake.m"; path = "domain/encoder/MMAudioTrack+MMAudioTrack_Handbrake.m"; sourceTree = "<group>"; };
		00DB3E7F14B30A1E00B5963C /* liba52.a */ = {isa = PBXFileReference; lastKnownFileType = archive.ar; path = liba52.a; sourceTree = "<group>"; };
		00DB3E8014B30A1E00B5963C /* libass.a */ = {isa = PBXFileReference; lastKnownFileType = archive.ar; path = libass.a; sourceTree = "<group>"; };
		00DB3E8114B30A1E00B5963C /* libavcodec.a */ = {isa = PBXFileReference; lastKnownFileType = archive.ar; path = libavcodec.a; sourceTree = "<group>"; };
		00DB3E8214B30A1E00B5963C /* libavdevice.a */ = {isa = PBXFileReference; lastKnownFileType = archive.ar; path = libavdevice.a; sourceTree = "<group>"; };
		00DB3E8314B30A1E00B5963C /* libavfilter.a */ = {isa = PBXFileReference; lastKnownFileType = archive.ar; path = libavfilter.a; sourceTree = "<group>"; };
		00DB3E8414B30A1E00B5963C /* libavformat.a */ = {isa = PBXFileReference; lastKnownFileType = archive.ar; path = libavformat.a; sourceTree = "<group>"; };
		00DB3E8514B30A1E00B5963C /* libavutil.a */ = {isa = PBXFileReference; lastKnownFileType = archive.ar; path = libavutil.a; sourceTree = "<group>"; };
		00DB3E8614B30A1E00B5963C /* libbluray.a */ = {isa = PBXFileReference; lastKnownFileType = archive.ar; path = libbluray.a; sourceTree = "<group>"; };
		00DB3E8714B30A1E00B5963C /* libdca.a */ = {isa = PBXFileReference; lastKnownFileType = archive.ar; path = libdca.a; sourceTree = "<group>"; };
		00DB3E8814B30A1E00B5963C /* libdvdnav.a */ = {isa = PBXFileReference; lastKnownFileType = archive.ar; path = libdvdnav.a; sourceTree = "<group>"; };
		00DB3E8914B30A1E00B5963C /* libdvdnavmini.a */ = {isa = PBXFileReference; lastKnownFileType = archive.ar; path = libdvdnavmini.a; sourceTree = "<group>"; };
		00DB3E8A14B30A1E00B5963C /* libdvdread.a */ = {isa = PBXFileReference; lastKnownFileType = archive.ar; path = libdvdread.a; sourceTree = "<group>"; };
		00DB3E8B14B30A1E00B5963C /* libfaac.a */ = {isa = PBXFileReference; lastKnownFileType = archive.ar; path = libfaac.a; sourceTree = "<group>"; };
		00DB3E8C14B30A1E00B5963C /* libfontconfig.a */ = {isa = PBXFileReference; lastKnownFileType = archive.ar; path = libfontconfig.a; sourceTree = "<group>"; };
		00DB3E8D14B30A1E00B5963C /* libfreetype.a */ = {isa = PBXFileReference; lastKnownFileType = archive.ar; path = libfreetype.a; sourceTree = "<group>"; };
		00DB3E8E14B30A1E00B5963C /* libfribidi.a */ = {isa = PBXFileReference; lastKnownFileType = archive.ar; path = libfribidi.a; sourceTree = "<group>"; };
		00DB3E8F14B30A1E00B5963C /* libmkv.a */ = {isa = PBXFileReference; lastKnownFileType = archive.ar; path = libmkv.a; sourceTree = "<group>"; };
		00DB3E9014B30A1E00B5963C /* libmp3lame.a */ = {isa = PBXFileReference; lastKnownFileType = archive.ar; path = libmp3lame.a; sourceTree = "<group>"; };
		00DB3E9114B30A1E00B5963C /* libmp4v2.a */ = {isa = PBXFileReference; lastKnownFileType = archive.ar; path = libmp4v2.a; sourceTree = "<group>"; };
		00DB3E9214B30A1E00B5963C /* libmpeg2.a */ = {isa = PBXFileReference; lastKnownFileType = archive.ar; path = libmpeg2.a; sourceTree = "<group>"; };
		00DB3E9314B30A1E00B5963C /* libmpeg2convert.a */ = {isa = PBXFileReference; lastKnownFileType = archive.ar; path = libmpeg2convert.a; sourceTree = "<group>"; };
		00DB3E9414B30A1E00B5963C /* libogg.a */ = {isa = PBXFileReference; lastKnownFileType = archive.ar; path = libogg.a; sourceTree = "<group>"; };
		00DB3E9514B30A1E00B5963C /* libpostproc.a */ = {isa = PBXFileReference; lastKnownFileType = archive.ar; path = libpostproc.a; sourceTree = "<group>"; };
		00DB3E9614B30A1E00B5963C /* libsamplerate.a */ = {isa = PBXFileReference; lastKnownFileType = archive.ar; path = libsamplerate.a; sourceTree = "<group>"; };
		00DB3E9714B30A1E00B5963C /* libswscale.a */ = {isa = PBXFileReference; lastKnownFileType = archive.ar; path = libswscale.a; sourceTree = "<group>"; };
		00DB3E9814B30A1E00B5963C /* libtheora.a */ = {isa = PBXFileReference; lastKnownFileType = archive.ar; path = libtheora.a; sourceTree = "<group>"; };
		00DB3E9914B30A1E00B5963C /* libtheoradec.a */ = {isa = PBXFileReference; lastKnownFileType = archive.ar; path = libtheoradec.a; sourceTree = "<group>"; };
		00DB3E9A14B30A1E00B5963C /* libtheoraenc.a */ = {isa = PBXFileReference; lastKnownFileType = archive.ar; path = libtheoraenc.a; sourceTree = "<group>"; };
		00DB3E9B14B30A1E00B5963C /* libvorbis.a */ = {isa = PBXFileReference; lastKnownFileType = archive.ar; path = libvorbis.a; sourceTree = "<group>"; };
		00DB3E9C14B30A1E00B5963C /* libvorbisenc.a */ = {isa = PBXFileReference; lastKnownFileType = archive.ar; path = libvorbisenc.a; sourceTree = "<group>"; };
		00DB3E9D14B30A1E00B5963C /* libvorbisfile.a */ = {isa = PBXFileReference; lastKnownFileType = archive.ar; path = libvorbisfile.a; sourceTree = "<group>"; };
		00DB3E9E14B30A1E00B5963C /* libx264.a */ = {isa = PBXFileReference; lastKnownFileType = archive.ar; path = libx264.a; sourceTree = "<group>"; };
		00DB3E9F14B30A1E00B5963C /* libxml2.a */ = {isa = PBXFileReference; lastKnownFileType = archive.ar; path = libxml2.a; sourceTree = "<group>"; };
		00DB3ED914B40EBF00B5963C /* MMTitle+MMTitle_Handbrake.h */ = {isa = PBXFileReference; fileEncoding = 4; lastKnownFileType = sourcecode.c.h; name = "MMTitle+MMTitle_Handbrake.h"; path = "domain/encoder/MMTitle+MMTitle_Handbrake.h"; sourceTree = "<group>"; };
		00DB3EDA14B40EBF00B5963C /* MMTitle+MMTitle_Handbrake.m */ = {isa = PBXFileReference; fileEncoding = 4; lastKnownFileType = sourcecode.c.objc; name = "MMTitle+MMTitle_Handbrake.m"; path = "domain/encoder/MMTitle+MMTitle_Handbrake.m"; sourceTree = "<group>"; };
/* End PBXFileReference section */

/* Begin PBXFrameworksBuildPhase section */
		000CE8631494536E003002C3 /* Frameworks */ = {
			isa = PBXFrameworksBuildPhase;
			buildActionMask = 2147483647;
			files = (
				001F2F4B14A80CB300086BB8 /* libiconv.dylib in Frameworks */,
				001F2F4914A80C6E00086BB8 /* AudioToolbox.framework in Frameworks */,
				001F2F3F14A80B3700086BB8 /* libbz2.dylib in Frameworks */,
				001F2F3D14A80B1B00086BB8 /* libstdc++.dylib in Frameworks */,
				001F2F3B14A80AF700086BB8 /* libz.dylib in Frameworks */,
				000CE8AB149454FF003002C3 /* ScriptingBridge.framework in Frameworks */,
				000CE86B1494536E003002C3 /* Cocoa.framework in Frameworks */,
				001F2F8414A80E7200086BB8 /* libhb.a in Frameworks */,
				00DB3EA014B30A1E00B5963C /* liba52.a in Frameworks */,
				00DB3EA114B30A1E00B5963C /* libass.a in Frameworks */,
				00DB3EA214B30A1E00B5963C /* libavcodec.a in Frameworks */,
				00DB3EA314B30A1E00B5963C /* libavdevice.a in Frameworks */,
				00DB3EA414B30A1E00B5963C /* libavfilter.a in Frameworks */,
				00DB3EA514B30A1E00B5963C /* libavformat.a in Frameworks */,
				00DB3EA614B30A1E00B5963C /* libavutil.a in Frameworks */,
				00DB3EA714B30A1E00B5963C /* libbluray.a in Frameworks */,
				00DB3EA814B30A1E00B5963C /* libdca.a in Frameworks */,
				00DB3EA914B30A1E00B5963C /* libdvdnav.a in Frameworks */,
				00DB3EAA14B30A1E00B5963C /* libdvdnavmini.a in Frameworks */,
				00DB3EAB14B30A1E00B5963C /* libdvdread.a in Frameworks */,
				00DB3EAC14B30A1E00B5963C /* libfaac.a in Frameworks */,
				00DB3EAD14B30A1E00B5963C /* libfontconfig.a in Frameworks */,
				00DB3EAE14B30A1E00B5963C /* libfreetype.a in Frameworks */,
				00DB3EAF14B30A1E00B5963C /* libfribidi.a in Frameworks */,
				00DB3EB014B30A1E00B5963C /* libmkv.a in Frameworks */,
				00DB3EB114B30A1E00B5963C /* libmp3lame.a in Frameworks */,
				00DB3EB214B30A1E00B5963C /* libmp4v2.a in Frameworks */,
				00DB3EB314B30A1E00B5963C /* libmpeg2.a in Frameworks */,
				00DB3EB414B30A1E00B5963C /* libmpeg2convert.a in Frameworks */,
				00DB3EB514B30A1E00B5963C /* libogg.a in Frameworks */,
				00DB3EB614B30A1E00B5963C /* libpostproc.a in Frameworks */,
				00DB3EB714B30A1E00B5963C /* libsamplerate.a in Frameworks */,
				00DB3EB814B30A1E00B5963C /* libswscale.a in Frameworks */,
				00DB3EB914B30A1E00B5963C /* libtheora.a in Frameworks */,
				00DB3EBA14B30A1E00B5963C /* libtheoradec.a in Frameworks */,
				00DB3EBB14B30A1E00B5963C /* libtheoraenc.a in Frameworks */,
				00DB3EBC14B30A1E00B5963C /* libvorbis.a in Frameworks */,
				00DB3EBD14B30A1E00B5963C /* libvorbisenc.a in Frameworks */,
				00DB3EBE14B30A1E00B5963C /* libvorbisfile.a in Frameworks */,
				00DB3EBF14B30A1E00B5963C /* libx264.a in Frameworks */,
				00DB3EC014B30A1E00B5963C /* libxml2.a in Frameworks */,
			);
			runOnlyForDeploymentPostprocessing = 0;
		};
		000CE8ED14945F32003002C3 /* Frameworks */ = {
			isa = PBXFrameworksBuildPhase;
			buildActionMask = 2147483647;
			files = (
				000CE991149572D7003002C3 /* ScriptingBridge.framework in Frameworks */,
				000CE8F314945F32003002C3 /* Cocoa.framework in Frameworks */,
				000CE8F514945F32003002C3 /* PreferencePanes.framework in Frameworks */,
			);
			runOnlyForDeploymentPostprocessing = 0;
		};
/* End PBXFrameworksBuildPhase section */

/* Begin PBXGroup section */
		000CE85B1494536D003002C3 = {
			isa = PBXGroup;
			children = (
				000CE8701494536E003002C3 /* iTunesServer */,
				000CE8F614945F32003002C3 /* iTunesServerPrefPane */,
				000CE8691494536E003002C3 /* Frameworks */,
				000CE8671494536E003002C3 /* Products */,
				000CE96514947DAD003002C3 /* Rakefile */,
			);
			sourceTree = "<group>";
		};
		000CE8671494536E003002C3 /* Products */ = {
			isa = PBXGroup;
			children = (
				000CE8661494536E003002C3 /* iTunesServer.app */,
				000CE8F214945F32003002C3 /* iTunes Server.prefPane */,
			);
			name = Products;
			sourceTree = "<group>";
		};
		000CE8691494536E003002C3 /* Frameworks */ = {
			isa = PBXGroup;
			children = (
				001F2EED14A805F500086BB8 /* HandBrake */,
				001F2F4814A80C6E00086BB8 /* AudioToolbox.framework */,
				001F2F4614A80C4D00086BB8 /* CoreAudioKit.framework */,
				001F2F4414A80C4200086BB8 /* CoreAudio.framework */,
				000CE86A1494536E003002C3 /* Cocoa.framework */,
				000CE8AA149454FF003002C3 /* ScriptingBridge.framework */,
				000CE8F414945F32003002C3 /* PreferencePanes.framework */,
				001F2F3E14A80B3700086BB8 /* libbz2.dylib */,
				001F2F3C14A80B1B00086BB8 /* libstdc++.dylib */,
				001F2F3A14A80AF700086BB8 /* libz.dylib */,
				001F2F4A14A80CB300086BB8 /* libiconv.dylib */,
				000CE86C1494536E003002C3 /* Other Frameworks */,
			);
			name = Frameworks;
			sourceTree = "<group>";
		};
		000CE86C1494536E003002C3 /* Other Frameworks */ = {
			isa = PBXGroup;
			children = (
				000CE86D1494536E003002C3 /* AppKit.framework */,
				000CE86E1494536E003002C3 /* CoreData.framework */,
				000CE86F1494536E003002C3 /* Foundation.framework */,
			);
			name = "Other Frameworks";
			sourceTree = "<group>";
		};
		000CE8701494536E003002C3 /* iTunesServer */ = {
			isa = PBXGroup;
			children = (
				000CE88714945481003002C3 /* Classes */,
				000CE87C1494536E003002C3 /* ITSAppDelegate.h */,
				000CE87D1494536E003002C3 /* ITSAppDelegate.m */,
				000CE8D814945671003002C3 /* MainMenu.xib */,
				000CE8711494536E003002C3 /* Supporting Files */,
			);
			path = iTunesServer;
			sourceTree = "<group>";
		};
		000CE8711494536E003002C3 /* Supporting Files */ = {
			isa = PBXGroup;
			children = (
				000CE8721494536E003002C3 /* iTunesServer-Info.plist */,
				000CE8731494536E003002C3 /* InfoPlist.strings */,
				000CE8761494536E003002C3 /* main.m */,
				000CE8781494536E003002C3 /* iTunesServer-Prefix.pch */,
				000CE8791494536E003002C3 /* Credits.rtf */,
				000CE98514955DF7003002C3 /* iTunesServer.sdef */,
			);
			name = "Supporting Files";
			sourceTree = "<group>";
		};
		000CE88714945481003002C3 /* Classes */ = {
			isa = PBXGroup;
			children = (
				003DE0C414958CF6004DC839 /* application */,
				000CE88814945481003002C3 /* assembler */,
				000CE8E614945CFF003002C3 /* domain */,
				000CE88B14945481003002C3 /* repository */,
				000CE88E14945481003002C3 /* resource */,
				000CE89714945481003002C3 /* ScriptingBridge */,
				000CE89914945481003002C3 /* util */,
			);
			path = Classes;
			sourceTree = "<group>";
		};
		000CE88814945481003002C3 /* assembler */ = {
			isa = PBXGroup;
			children = (
				000CE88914945481003002C3 /* MMContentAssembler+iTunes.h */,
				000CE88A14945481003002C3 /* MMContentAssembler+iTunes.m */,
			);
			path = assembler;
			sourceTree = "<group>";
		};
		000CE88B14945481003002C3 /* repository */ = {
			isa = PBXGroup;
			children = (
				003DE0B0149576C3004DC839 /* configuration */,
				001F2FF614A9444E00086BB8 /* encoder */,
				003DE0B3149576C3004DC839 /* iTunes */,
			);
			path = repository;
			sourceTree = "<group>";
		};
		000CE88E14945481003002C3 /* resource */ = {
			isa = PBXGroup;
			children = (
				0023635014ACF7340084A054 /* content */,
				0023635914ACF7350084A054 /* encoder */,
			);
			path = resource;
			sourceTree = "<group>";
		};
		000CE89714945481003002C3 /* ScriptingBridge */ = {
			isa = PBXGroup;
			children = (
				000CE89814945481003002C3 /* iTunes.h */,
			);
			path = ScriptingBridge;
			sourceTree = "<group>";
		};
		000CE89914945481003002C3 /* util */ = {
			isa = PBXGroup;
			children = (
				000CE89A14945481003002C3 /* ITSiTunesUtil.h */,
				000CE89B14945481003002C3 /* ITSiTunesUtil.m */,
				000CE89C14945481003002C3 /* ITSiTunesWrapper.h */,
				000CE89D14945481003002C3 /* ITSiTunesWrapper.m */,
			);
			path = util;
			sourceTree = "<group>";
		};
		000CE8E614945CFF003002C3 /* domain */ = {
			isa = PBXGroup;
			children = (
				001F2FD814A81BED00086BB8 /* encoder */,
				000CE8E814945D09003002C3 /* configuration */,
				0062B2931495DA7000160289 /* scanner */,
			);
			name = domain;
			sourceTree = "<group>";
		};
		000CE8E814945D09003002C3 /* configuration */ = {
			isa = PBXGroup;
			children = (
				000CE97F14955BBB003002C3 /* ITSConfiguration.h */,
				000CE98014955BBB003002C3 /* ITSConfiguration.m */,
				0062B25B1495A94100160289 /* ITSDefaults.h */,
				0062B25C1495A94100160289 /* ITSDefaults.m */,
			);
			name = configuration;
			sourceTree = "<group>";
		};
		000CE8F614945F32003002C3 /* iTunesServerPrefPane */ = {
			isa = PBXGroup;
			children = (
				000CE990149572C9003002C3 /* iTunesServer.h */,
				000CE8FD14945F33003002C3 /* iTunesServerPrefPane.h */,
				000CE8FE14945F33003002C3 /* iTunesServerPrefPane.m */,
				000CE90014945F33003002C3 /* iTunesServerPrefPane.tiff */,
				000CE90214945F33003002C3 /* iTunesServerPrefPane.xib */,
				000CE8F714945F33003002C3 /* Supporting Files */,
			);
			path = iTunesServerPrefPane;
			sourceTree = "<group>";
		};
		000CE8F714945F33003002C3 /* Supporting Files */ = {
			isa = PBXGroup;
			children = (
				000CE8F814945F33003002C3 /* iTunesServerPrefPane-Info.plist */,
				000CE8F914945F33003002C3 /* InfoPlist.strings */,
				000CE8FC14945F33003002C3 /* iTunesServerPrefPane-Prefix.pch */,
			);
			name = "Supporting Files";
			sourceTree = "<group>";
		};
		001F2EED14A805F500086BB8 /* HandBrake */ = {
			isa = PBXGroup;
			children = (
				001F2F0514A80A8B00086BB8 /* contrib */,
				001F2EEE14A805F500086BB8 /* HandBrake */,
				001F2F8314A80E7200086BB8 /* libhb.a */,
			);
			name = HandBrake;
			path = libraries/HandBrake;
			sourceTree = "<group>";
		};
		001F2EEE14A805F500086BB8 /* HandBrake */ = {
			isa = PBXGroup;
			children = (
				001F2EEF14A805F500086BB8 /* common.h */,
				001F2EF014A805F500086BB8 /* deccc608sub.h */,
				001F2EF114A805F500086BB8 /* downmix.h */,
				001F2EF214A805F500086BB8 /* dvd.h */,
				001F2EF314A805F500086BB8 /* eedi2.h */,
				001F2EF414A805F500086BB8 /* hb.h */,
				001F2EF514A805F500086BB8 /* hbffmpeg.h */,
				001F2EF614A805F500086BB8 /* internal.h */,
				001F2EF714A805F500086BB8 /* lang.h */,
				001F2EF814A805F500086BB8 /* ports.h */,
				001F2EF914A805F500086BB8 /* project.h */,
			);
			path = HandBrake;
			sourceTree = "<group>";
		};
		001F2F0514A80A8B00086BB8 /* contrib */ = {
			isa = PBXGroup;
			children = (
				00DB3E7F14B30A1E00B5963C /* liba52.a */,
				00DB3E8014B30A1E00B5963C /* libass.a */,
				00DB3E8114B30A1E00B5963C /* libavcodec.a */,
				00DB3E8214B30A1E00B5963C /* libavdevice.a */,
				00DB3E8314B30A1E00B5963C /* libavfilter.a */,
				00DB3E8414B30A1E00B5963C /* libavformat.a */,
				00DB3E8514B30A1E00B5963C /* libavutil.a */,
				00DB3E8614B30A1E00B5963C /* libbluray.a */,
				00DB3E8714B30A1E00B5963C /* libdca.a */,
				00DB3E8814B30A1E00B5963C /* libdvdnav.a */,
				00DB3E8914B30A1E00B5963C /* libdvdnavmini.a */,
				00DB3E8A14B30A1E00B5963C /* libdvdread.a */,
				00DB3E8B14B30A1E00B5963C /* libfaac.a */,
				00DB3E8C14B30A1E00B5963C /* libfontconfig.a */,
				00DB3E8D14B30A1E00B5963C /* libfreetype.a */,
				00DB3E8E14B30A1E00B5963C /* libfribidi.a */,
				00DB3E8F14B30A1E00B5963C /* libmkv.a */,
				00DB3E9014B30A1E00B5963C /* libmp3lame.a */,
				00DB3E9114B30A1E00B5963C /* libmp4v2.a */,
				00DB3E9214B30A1E00B5963C /* libmpeg2.a */,
				00DB3E9314B30A1E00B5963C /* libmpeg2convert.a */,
				00DB3E9414B30A1E00B5963C /* libogg.a */,
				00DB3E9514B30A1E00B5963C /* libpostproc.a */,
				00DB3E9614B30A1E00B5963C /* libsamplerate.a */,
				00DB3E9714B30A1E00B5963C /* libswscale.a */,
				00DB3E9814B30A1E00B5963C /* libtheora.a */,
				00DB3E9914B30A1E00B5963C /* libtheoradec.a */,
				00DB3E9A14B30A1E00B5963C /* libtheoraenc.a */,
				00DB3E9B14B30A1E00B5963C /* libvorbis.a */,
				00DB3E9C14B30A1E00B5963C /* libvorbisenc.a */,
				00DB3E9D14B30A1E00B5963C /* libvorbisfile.a */,
				00DB3E9E14B30A1E00B5963C /* libx264.a */,
				00DB3E9F14B30A1E00B5963C /* libxml2.a */,
			);
			path = contrib;
			sourceTree = "<group>";
		};
		001F2FD814A81BED00086BB8 /* encoder */ = {
			isa = PBXGroup;
			children = (
				001F2FD914A81C3800086BB8 /* ITSEncoder.h */,
				001F2FDA14A81C3800086BB8 /* ITSEncoder.m */,
				00823F9814AE7A7900CEDDEB /* MMAudioTrack+MMAudioTrack_Handbrake.h */,
				00823F9914AE7A7900CEDDEB /* MMAudioTrack+MMAudioTrack_Handbrake.m */,
				00DB3ED914B40EBF00B5963C /* MMTitle+MMTitle_Handbrake.h */,
				00DB3EDA14B40EBF00B5963C /* MMTitle+MMTitle_Handbrake.m */,
			);
			name = encoder;
			sourceTree = "<group>";
		};
		001F2FF614A9444E00086BB8 /* encoder */ = {
			isa = PBXGroup;
			children = (
				001F2FF714A9447300086BB8 /* ITSEncodingRepository.h */,
				001F2FF814A9447300086BB8 /* ITSEncodingRepository.m */,
			);
			name = encoder;
			path = iTunes;
			sourceTree = "<group>";
		};
		0023635014ACF7340084A054 /* content */ = {
			isa = PBXGroup;
			children = (
				0023635114ACF7340084A054 /* ITSAbstractContentResource.h */,
				0023635214ACF7340084A054 /* ITSAbstractContentResource.m */,
				0023635314ACF7340084A054 /* ITSLibraryResource.h */,
				0023635414ACF7340084A054 /* ITSLibraryResource.m */,
				0023635514ACF7340084A054 /* ITSPlaylistResource.h */,
				0023635614ACF7350084A054 /* ITSPlaylistResource.m */,
				0023635714ACF7350084A054 /* ITSTrackResource.h */,
				0023635814ACF7350084A054 /* ITSTrackResource.m */,
			);
			path = content;
			sourceTree = "<group>";
		};
		0023635914ACF7350084A054 /* encoder */ = {
			isa = PBXGroup;
			children = (
				0023635A14ACF7350084A054 /* ITSEncodeResource.h */,
				0023635B14ACF7350084A054 /* ITSEncodeResource.m */,
			);
			path = encoder;
			sourceTree = "<group>";
		};
		003DE0B0149576C3004DC839 /* configuration */ = {
			isa = PBXGroup;
			children = (
				003DE0B1149576C3004DC839 /* ITSConfigurationRepository.h */,
				003DE0B2149576C3004DC839 /* ITSConfigurationRepository.m */,
			);
			path = configuration;
			sourceTree = "<group>";
		};
		003DE0B3149576C3004DC839 /* iTunes */ = {
			isa = PBXGroup;
			children = (
				003DE0B4149576C3004DC839 /* ITSiTunesContentRepository.h */,
				003DE0B5149576C3004DC839 /* ITSiTunesContentRepository.m */,
			);
			path = iTunes;
			sourceTree = "<group>";
		};
		003DE0C414958CF6004DC839 /* application */ = {
			isa = PBXGroup;
			children = (
				003DE0C514958D12004DC839 /* ITSApplication.h */,
				003DE0C614958D12004DC839 /* ITSApplication.m */,
			);
			name = application;
			sourceTree = "<group>";
		};
		0062B2931495DA7000160289 /* scanner */ = {
			isa = PBXGroup;
			children = (
				0062B2941495DA7000160289 /* ITSFolderItem.h */,
				0062B2951495DA7000160289 /* ITSFolderItem.m */,
				0062B29A1495DA8600160289 /* ITSFolderItemList.h */,
				0062B29B1495DA8600160289 /* ITSFolderItemList.m */,
				0062B2961495DA7000160289 /* ITSFolderScanner.h */,
				0062B2971495DA7000160289 /* ITSFolderScanner.m */,
			);
			name = scanner;
			path = domain/scanner;
			sourceTree = "<group>";
		};
/* End PBXGroup section */

/* Begin PBXHeadersBuildPhase section */
		000CE8EE14945F32003002C3 /* Headers */ = {
			isa = PBXHeadersBuildPhase;
			buildActionMask = 2147483647;
			files = (
				000CE98114955BBB003002C3 /* ITSConfiguration.h in Headers */,
				0062B25D1495A94100160289 /* ITSDefaults.h in Headers */,
				00D3E226149732BC003EC047 /* ITSConfigurationRepository.h in Headers */,
			);
			runOnlyForDeploymentPostprocessing = 0;
		};
/* End PBXHeadersBuildPhase section */

/* Begin PBXNativeTarget section */
		000CE8651494536E003002C3 /* iTunesServer */ = {
			isa = PBXNativeTarget;
			buildConfigurationList = 000CE8841494536E003002C3 /* Build configuration list for PBXNativeTarget "iTunesServer" */;
			buildPhases = (
				000CE8621494536E003002C3 /* Sources */,
				000CE8631494536E003002C3 /* Frameworks */,
				000CE8641494536E003002C3 /* Resources */,
			);
			buildRules = (
			);
			dependencies = (
			);
			name = iTunesServer;
			productName = iTunesServer;
			productReference = 000CE8661494536E003002C3 /* iTunesServer.app */;
			productType = "com.apple.product-type.application";
		};
		000CE8F114945F32003002C3 /* iTunesServerPrefPane */ = {
			isa = PBXNativeTarget;
			buildConfigurationList = 000CE90514945F33003002C3 /* Build configuration list for PBXNativeTarget "iTunesServerPrefPane" */;
			buildPhases = (
				000CE8EC14945F32003002C3 /* Sources */,
				000CE8ED14945F32003002C3 /* Frameworks */,
				000CE8EE14945F32003002C3 /* Headers */,
				000CE8EF14945F32003002C3 /* Resources */,
				000CE8F014945F32003002C3 /* Rez */,
			);
			buildRules = (
			);
			dependencies = (
			);
			name = iTunesServerPrefPane;
			productName = iTunesServerPrefPane;
			productReference = 000CE8F214945F32003002C3 /* iTunes Server.prefPane */;
			productType = "com.apple.product-type.bundle";
		};
/* End PBXNativeTarget section */

/* Begin PBXProject section */
		000CE85D1494536D003002C3 /* Project object */ = {
			isa = PBXProject;
			attributes = {
				LastUpgradeCheck = 0420;
				ORGANIZATIONNAME = Edmunds;
			};
			buildConfigurationList = 000CE8601494536D003002C3 /* Build configuration list for PBXProject "iTunesServer" */;
			compatibilityVersion = "Xcode 3.2";
			developmentRegion = English;
			hasScannedForEncodings = 0;
			knownRegions = (
				en,
			);
			mainGroup = 000CE85B1494536D003002C3;
			productRefGroup = 000CE8671494536E003002C3 /* Products */;
			projectDirPath = "";
			projectRoot = "";
			targets = (
				000CE8651494536E003002C3 /* iTunesServer */,
				000CE8F114945F32003002C3 /* iTunesServerPrefPane */,
			);
		};
/* End PBXProject section */

/* Begin PBXResourcesBuildPhase section */
		000CE8641494536E003002C3 /* Resources */ = {
			isa = PBXResourcesBuildPhase;
			buildActionMask = 2147483647;
			files = (
				000CE8751494536E003002C3 /* InfoPlist.strings in Resources */,
				000CE87B1494536E003002C3 /* Credits.rtf in Resources */,
				000CE8D914945671003002C3 /* MainMenu.xib in Resources */,
				000CE98614955DF7003002C3 /* iTunesServer.sdef in Resources */,
			);
			runOnlyForDeploymentPostprocessing = 0;
		};
		000CE8EF14945F32003002C3 /* Resources */ = {
			isa = PBXResourcesBuildPhase;
			buildActionMask = 2147483647;
			files = (
				000CE8FB14945F33003002C3 /* InfoPlist.strings in Resources */,
				000CE90114945F33003002C3 /* iTunesServerPrefPane.tiff in Resources */,
				000CE90414945F33003002C3 /* iTunesServerPrefPane.xib in Resources */,
			);
			runOnlyForDeploymentPostprocessing = 0;
		};
/* End PBXResourcesBuildPhase section */

/* Begin PBXRezBuildPhase section */
		000CE8F014945F32003002C3 /* Rez */ = {
			isa = PBXRezBuildPhase;
			buildActionMask = 2147483647;
			files = (
			);
			runOnlyForDeploymentPostprocessing = 0;
		};
/* End PBXRezBuildPhase section */

/* Begin PBXSourcesBuildPhase section */
		000CE8621494536E003002C3 /* Sources */ = {
			isa = PBXSourcesBuildPhase;
			buildActionMask = 2147483647;
			files = (
				000CE8771494536E003002C3 /* main.m in Sources */,
				000CE87E1494536E003002C3 /* ITSAppDelegate.m in Sources */,
				000CE89E14945481003002C3 /* MMContentAssembler+iTunes.m in Sources */,
				000CE8A414945481003002C3 /* ITSiTunesUtil.m in Sources */,
				000CE8A514945481003002C3 /* ITSiTunesWrapper.m in Sources */,
				000CE98214955BBB003002C3 /* ITSConfiguration.m in Sources */,
				003DE0B6149576C3004DC839 /* ITSConfigurationRepository.m in Sources */,
				003DE0B7149576C3004DC839 /* ITSiTunesContentRepository.m in Sources */,
				003DE0C714958D12004DC839 /* ITSApplication.m in Sources */,
				0062B25E1495A94100160289 /* ITSDefaults.m in Sources */,
				0062B2981495DA7000160289 /* ITSFolderItem.m in Sources */,
				0062B2991495DA7000160289 /* ITSFolderScanner.m in Sources */,
				0062B29C1495DA8600160289 /* ITSFolderItemList.m in Sources */,
				001F2FDB14A81C3800086BB8 /* ITSEncoder.m in Sources */,
				001F2FF914A9447300086BB8 /* ITSEncodingRepository.m in Sources */,
				0023635C14ACF7350084A054 /* ITSAbstractContentResource.m in Sources */,
				0023635D14ACF7350084A054 /* ITSLibraryResource.m in Sources */,
				0023635E14ACF7350084A054 /* ITSPlaylistResource.m in Sources */,
				0023635F14ACF7350084A054 /* ITSTrackResource.m in Sources */,
				0023636014ACF7350084A054 /* ITSEncodeResource.m in Sources */,
				00823F9A14AE7A7900CEDDEB /* MMAudioTrack+MMAudioTrack_Handbrake.m in Sources */,
				00DB3EDB14B40EC000B5963C /* MMTitle+MMTitle_Handbrake.m in Sources */,
			);
			runOnlyForDeploymentPostprocessing = 0;
		};
		000CE8EC14945F32003002C3 /* Sources */ = {
			isa = PBXSourcesBuildPhase;
			buildActionMask = 2147483647;
			files = (
				000CE8FF14945F33003002C3 /* iTunesServerPrefPane.m in Sources */,
				000CE98314955BBB003002C3 /* ITSConfiguration.m in Sources */,
				0062B25F1495A94100160289 /* ITSDefaults.m in Sources */,
				00D3E227149732BC003EC047 /* ITSConfigurationRepository.m in Sources */,
			);
			runOnlyForDeploymentPostprocessing = 0;
		};
/* End PBXSourcesBuildPhase section */

/* Begin PBXVariantGroup section */
		000CE8731494536E003002C3 /* InfoPlist.strings */ = {
			isa = PBXVariantGroup;
			children = (
				000CE8741494536E003002C3 /* en */,
			);
			name = InfoPlist.strings;
			sourceTree = "<group>";
		};
		000CE8791494536E003002C3 /* Credits.rtf */ = {
			isa = PBXVariantGroup;
			children = (
				000CE87A1494536E003002C3 /* en */,
			);
			name = Credits.rtf;
			sourceTree = "<group>";
		};
		000CE8F914945F33003002C3 /* InfoPlist.strings */ = {
			isa = PBXVariantGroup;
			children = (
				000CE8FA14945F33003002C3 /* en */,
			);
			name = InfoPlist.strings;
			sourceTree = "<group>";
		};
		000CE90214945F33003002C3 /* iTunesServerPrefPane.xib */ = {
			isa = PBXVariantGroup;
			children = (
				000CE90314945F33003002C3 /* en */,
			);
			name = iTunesServerPrefPane.xib;
			sourceTree = "<group>";
		};
/* End PBXVariantGroup section */

/* Begin XCBuildConfiguration section */
		000CE8821494536E003002C3 /* Debug */ = {
			isa = XCBuildConfiguration;
			buildSettings = {
				ALWAYS_SEARCH_USER_PATHS = YES;
				ARCHS = "$(ARCHS_STANDARD_64_BIT)";
				CLANG_ENABLE_OBJC_ARC = YES;
				COPY_PHASE_STRIP = NO;
				GCC_C_LANGUAGE_STANDARD = gnu99;
				GCC_DYNAMIC_NO_PIC = NO;
				GCC_ENABLE_OBJC_EXCEPTIONS = YES;
				GCC_OPTIMIZATION_LEVEL = 0;
				GCC_PREPROCESSOR_DEFINITIONS = (
					"DEBUG=1",
					"$(inherited)",
				);
				GCC_SYMBOLS_PRIVATE_EXTERN = NO;
				GCC_VERSION = com.apple.compilers.llvm.clang.1_0;
				GCC_WARN_64_TO_32_BIT_CONVERSION = YES;
				GCC_WARN_ABOUT_MISSING_PROTOTYPES = YES;
				GCC_WARN_ABOUT_RETURN_TYPE = YES;
				GCC_WARN_UNUSED_VARIABLE = YES;
				HEADER_SEARCH_PATHS = (
					"/usr/local/xcodeproducts/MediaManagement-x86/LATEST",
					/usr/local/xcodeproducts/HTTPServe/LATEST,
					"/usr/local/xcodeproducts/KraCommons-x86/LATEST",
				);
				LIBRARY_SEARCH_PATHS = (
					"/usr/local/xcodeproducts/MediaManagement-x86/LATEST",
					/usr/local/xcodeproducts/HTTPServe/LATEST,
					"/usr/local/xcodeproducts/KraCommons-x86/LATEST",
				);
				MACOSX_DEPLOYMENT_TARGET = 10.7;
				ONLY_ACTIVE_ARCH = YES;
				OTHER_CFLAGS = (
					"-D__LIBHB__",
					"-DDEVELOPMENT",
					"-DDEBUG_ENCODER=1",
				);
				OTHER_LDFLAGS = (
					"-Objc",
					"-lHTTPServe",
					"-lMediaManagement-x86",
					"-lKraCommons-x86",
					"-force_load",
					"/usr/local/xcodeproducts/KraCommons-x86/LATEST/libKraCommons-x86.a",
					"-force_load",
					/usr/local/xcodeproducts/HTTPServe/LATEST/libHTTPServe.a,
				);
				SDKROOT = macosx;
			};
			name = Debug;
		};
		000CE8831494536E003002C3 /* Release */ = {
			isa = XCBuildConfiguration;
			buildSettings = {
				ALWAYS_SEARCH_USER_PATHS = YES;
				ARCHS = "$(ARCHS_STANDARD_64_BIT)";
				CLANG_ENABLE_OBJC_ARC = YES;
				COPY_PHASE_STRIP = YES;
				DEBUG_INFORMATION_FORMAT = "dwarf-with-dsym";
				GCC_C_LANGUAGE_STANDARD = gnu99;
				GCC_ENABLE_OBJC_EXCEPTIONS = YES;
				GCC_VERSION = com.apple.compilers.llvm.clang.1_0;
				GCC_WARN_64_TO_32_BIT_CONVERSION = YES;
				GCC_WARN_ABOUT_MISSING_PROTOTYPES = YES;
				GCC_WARN_ABOUT_RETURN_TYPE = YES;
				GCC_WARN_UNUSED_VARIABLE = YES;
				HEADER_SEARCH_PATHS = (
					"/usr/local/xcodeproducts/MediaManagement-x86/LATEST",
					/usr/local/xcodeproducts/HTTPServe/LATEST,
					"/usr/local/xcodeproducts/KraCommons-x86/LATEST",
				);
				LIBRARY_SEARCH_PATHS = (
					"/usr/local/xcodeproducts/MediaManagement-x86/LATEST",
					/usr/local/xcodeproducts/HTTPServe/LATEST,
					"/usr/local/xcodeproducts/KraCommons-x86/LATEST",
				);
				MACOSX_DEPLOYMENT_TARGET = 10.7;
				OTHER_CFLAGS = "-D__LIBHB__";
				OTHER_LDFLAGS = (
					"-Objc",
					"-lHTTPServe",
					"-lMediaManagement-x86",
					"-lKraCommons-x86",
					"-force_load",
					"/usr/local/xcodeproducts/KraCommons-x86/LATEST/libKraCommons-x86.a",
					"-force_load",
					/usr/local/xcodeproducts/HTTPServe/LATEST/libHTTPServe.a,
				);
				SDKROOT = macosx;
			};
			name = Release;
		};
		000CE8851494536E003002C3 /* Debug */ = {
			isa = XCBuildConfiguration;
			buildSettings = {
				GCC_PRECOMPILE_PREFIX_HEADER = YES;
				GCC_PREFIX_HEADER = "iTunesServer/iTunesServer-Prefix.pch";
				INFOPLIST_FILE = "iTunesServer/iTunesServer-Info.plist";
				LIBRARY_SEARCH_PATHS = (
					"$(inherited)",
					"\"$(SRCROOT)/libraries/HandBrake\"",
					"\"$(SRCROOT)/libraries/HandBrake/contrib\"",
				);
				OTHER_CFLAGS = "${inherited}";
				OTHER_LDFLAGS = "${inherited}";
				PRODUCT_NAME = "$(TARGET_NAME)";
				WRAPPER_EXTENSION = app;
			};
			name = Debug;
		};
		000CE8861494536E003002C3 /* Release */ = {
			isa = XCBuildConfiguration;
			buildSettings = {
				GCC_PRECOMPILE_PREFIX_HEADER = YES;
				GCC_PREFIX_HEADER = "iTunesServer/iTunesServer-Prefix.pch";
				INFOPLIST_FILE = "iTunesServer/iTunesServer-Info.plist";
				LIBRARY_SEARCH_PATHS = (
					"$(inherited)",
					"\"$(SRCROOT)/libraries/HandBrake\"",
					"\"$(SRCROOT)/libraries/HandBrake/contrib\"",
				);
				OTHER_CFLAGS = "${inherited}";
				OTHER_LDFLAGS = "${inherited}";
				PRODUCT_NAME = "$(TARGET_NAME)";
				WRAPPER_EXTENSION = app;
			};
			name = Release;
		};
		000CE90614945F33003002C3 /* Debug */ = {
			isa = XCBuildConfiguration;
			buildSettings = {
				ALWAYS_SEARCH_USER_PATHS = YES;
				ARCHS = "$(ARCHS_STANDARD_32_64_BIT)";
				GCC_ENABLE_OBJC_GC = supported;
				GCC_PRECOMPILE_PREFIX_HEADER = YES;
				GCC_PREFIX_HEADER = "iTunesServerPrefPane/iTunesServerPrefPane-Prefix.pch";
				INFOPLIST_FILE = "iTunesServerPrefPane/iTunesServerPrefPane-Info.plist";
				INSTALL_PATH = "$(HOME)/Library/PreferencePanes";
				OTHER_LDFLAGS = (
					"-Objc",
					"-all_load",
					"-lKraCommons-x86",
				);
				PRODUCT_NAME = "iTunes Server";
				WRAPPER_EXTENSION = prefPane;
			};
			name = Debug;
		};
		000CE90714945F33003002C3 /* Release */ = {
			isa = XCBuildConfiguration;
			buildSettings = {
				ALWAYS_SEARCH_USER_PATHS = YES;
				ARCHS = "$(ARCHS_STANDARD_32_64_BIT)";
				GCC_ENABLE_OBJC_GC = supported;
				GCC_PRECOMPILE_PREFIX_HEADER = YES;
				GCC_PREFIX_HEADER = "iTunesServerPrefPane/iTunesServerPrefPane-Prefix.pch";
				INFOPLIST_FILE = "iTunesServerPrefPane/iTunesServerPrefPane-Info.plist";
				INSTALL_PATH = "$(HOME)/Library/PreferencePanes";
				OTHER_LDFLAGS = (
					"-Objc",
					"-all_load",
					"-lKraCommons-x86",
				);
				PRODUCT_NAME = "iTunes Server";
				WRAPPER_EXTENSION = prefPane;
			};
			name = Release;
		};
/* End XCBuildConfiguration section */

/* Begin XCConfigurationList section */
		000CE8601494536D003002C3 /* Build configuration list for PBXProject "iTunesServer" */ = {
			isa = XCConfigurationList;
			buildConfigurations = (
				000CE8821494536E003002C3 /* Debug */,
				000CE8831494536E003002C3 /* Release */,
			);
			defaultConfigurationIsVisible = 0;
			defaultConfigurationName = Release;
		};
		000CE8841494536E003002C3 /* Build configuration list for PBXNativeTarget "iTunesServer" */ = {
			isa = XCConfigurationList;
			buildConfigurations = (
				000CE8851494536E003002C3 /* Debug */,
				000CE8861494536E003002C3 /* Release */,
			);
			defaultConfigurationIsVisible = 0;
			defaultConfigurationName = Release;
		};
		000CE90514945F33003002C3 /* Build configuration list for PBXNativeTarget "iTunesServerPrefPane" */ = {
			isa = XCConfigurationList;
			buildConfigurations = (
				000CE90614945F33003002C3 /* Debug */,
				000CE90714945F33003002C3 /* Release */,
			);
			defaultConfigurationIsVisible = 0;
			defaultConfigurationName = Release;
		};
/* End XCConfigurationList section */
	};
	rootObject = 000CE85D1494536D003002C3 /* Project object */;
}
