// !$*UTF8*$!
{
	archiveVersion = 1;
	classes = {
	};
	objectVersion = 46;
	objects = {

/* Begin PBXBuildFile section */
		000CE86B1494536E003002C3 /* Cocoa.framework in Frameworks */ = {isa = PBXBuildFile; fileRef = 000CE86A1494536E003002C3 /* Cocoa.framework */; };
		000CE8751494536E003002C3 /* InfoPlist.strings in Resources */ = {isa = PBXBuildFile; fileRef = 000CE8731494536E003002C3 /* InfoPlist.strings */; };
		000CE8771494536E003002C3 /* main.m in Sources */ = {isa = PBXBuildFile; fileRef = 000CE8761494536E003002C3 /* main.m */; };
		000CE87B1494536E003002C3 /* Credits.rtf in Resources */ = {isa = PBXBuildFile; fileRef = 000CE8791494536E003002C3 /* Credits.rtf */; };
		000CE87E1494536E003002C3 /* ITSAppDelegate.m in Sources */ = {isa = PBXBuildFile; fileRef = 000CE87D1494536E003002C3 /* ITSAppDelegate.m */; };
		000CE89E14945481003002C3 /* MMContentAssembler+iTunes.m in Sources */ = {isa = PBXBuildFile; fileRef = 000CE88A14945481003002C3 /* MMContentAssembler+iTunes.m */; };
		000CE89F14945481003002C3 /* ITSiTunesContentRepository.m in Sources */ = {isa = PBXBuildFile; fileRef = 000CE88D14945481003002C3 /* ITSiTunesContentRepository.m */; };
		000CE8A014945481003002C3 /* ITSAbstractContentResource.m in Sources */ = {isa = PBXBuildFile; fileRef = 000CE89014945481003002C3 /* ITSAbstractContentResource.m */; };
		000CE8A114945481003002C3 /* ITSLibraryResource.m in Sources */ = {isa = PBXBuildFile; fileRef = 000CE89214945481003002C3 /* ITSLibraryResource.m */; };
		000CE8A214945481003002C3 /* ITSPlaylistResource.m in Sources */ = {isa = PBXBuildFile; fileRef = 000CE89414945481003002C3 /* ITSPlaylistResource.m */; };
		000CE8A314945481003002C3 /* ITSTrackResource.m in Sources */ = {isa = PBXBuildFile; fileRef = 000CE89614945481003002C3 /* ITSTrackResource.m */; };
		000CE8A414945481003002C3 /* ITSiTunesUtil.m in Sources */ = {isa = PBXBuildFile; fileRef = 000CE89B14945481003002C3 /* ITSiTunesUtil.m */; };
		000CE8A514945481003002C3 /* ITSiTunesWrapper.m in Sources */ = {isa = PBXBuildFile; fileRef = 000CE89D14945481003002C3 /* ITSiTunesWrapper.m */; };
		000CE8AB149454FF003002C3 /* ScriptingBridge.framework in Frameworks */ = {isa = PBXBuildFile; fileRef = 000CE8AA149454FF003002C3 /* ScriptingBridge.framework */; };
		000CE8D914945671003002C3 /* MainMenu.xib in Resources */ = {isa = PBXBuildFile; fileRef = 000CE8D814945671003002C3 /* MainMenu.xib */; };
		000CE8EB14945DF3003002C3 /* ITSConfigurationRepository.m in Sources */ = {isa = PBXBuildFile; fileRef = 000CE8EA14945DF3003002C3 /* ITSConfigurationRepository.m */; };
		000CE8F314945F32003002C3 /* Cocoa.framework in Frameworks */ = {isa = PBXBuildFile; fileRef = 000CE86A1494536E003002C3 /* Cocoa.framework */; };
		000CE8F514945F32003002C3 /* PreferencePanes.framework in Frameworks */ = {isa = PBXBuildFile; fileRef = 000CE8F414945F32003002C3 /* PreferencePanes.framework */; };
		000CE8FB14945F33003002C3 /* InfoPlist.strings in Resources */ = {isa = PBXBuildFile; fileRef = 000CE8F914945F33003002C3 /* InfoPlist.strings */; };
		000CE8FF14945F33003002C3 /* iTunesServerPrefPane.m in Sources */ = {isa = PBXBuildFile; fileRef = 000CE8FE14945F33003002C3 /* iTunesServerPrefPane.m */; };
		000CE90114945F33003002C3 /* iTunesServerPrefPane.tiff in Resources */ = {isa = PBXBuildFile; fileRef = 000CE90014945F33003002C3 /* iTunesServerPrefPane.tiff */; };
		000CE90414945F33003002C3 /* iTunesServerPrefPane.xib in Resources */ = {isa = PBXBuildFile; fileRef = 000CE90214945F33003002C3 /* iTunesServerPrefPane.xib */; };
/* End PBXBuildFile section */

/* Begin PBXFileReference section */
		000CE8661494536E003002C3 /* iTunesServer.app */ = {isa = PBXFileReference; explicitFileType = wrapper.application; includeInIndex = 0; path = iTunesServer.app; sourceTree = BUILT_PRODUCTS_DIR; };
		000CE86A1494536E003002C3 /* Cocoa.framework */ = {isa = PBXFileReference; lastKnownFileType = wrapper.framework; name = Cocoa.framework; path = System/Library/Frameworks/Cocoa.framework; sourceTree = SDKROOT; };
		000CE86D1494536E003002C3 /* AppKit.framework */ = {isa = PBXFileReference; lastKnownFileType = wrapper.framework; name = AppKit.framework; path = System/Library/Frameworks/AppKit.framework; sourceTree = SDKROOT; };
		000CE86E1494536E003002C3 /* CoreData.framework */ = {isa = PBXFileReference; lastKnownFileType = wrapper.framework; name = CoreData.framework; path = System/Library/Frameworks/CoreData.framework; sourceTree = SDKROOT; };
		000CE86F1494536E003002C3 /* Foundation.framework */ = {isa = PBXFileReference; lastKnownFileType = wrapper.framework; name = Foundation.framework; path = System/Library/Frameworks/Foundation.framework; sourceTree = SDKROOT; };
		000CE8721494536E003002C3 /* iTunesServer-Info.plist */ = {isa = PBXFileReference; lastKnownFileType = text.plist.xml; path = "iTunesServer-Info.plist"; sourceTree = "<group>"; };
		000CE8741494536E003002C3 /* en */ = {isa = PBXFileReference; lastKnownFileType = text.plist.strings; name = en; path = en.lproj/InfoPlist.strings; sourceTree = "<group>"; };
		000CE8761494536E003002C3 /* main.m */ = {isa = PBXFileReference; lastKnownFileType = sourcecode.c.objc; path = main.m; sourceTree = "<group>"; };
		000CE8781494536E003002C3 /* iTunesServer-Prefix.pch */ = {isa = PBXFileReference; lastKnownFileType = sourcecode.c.h; path = "iTunesServer-Prefix.pch"; sourceTree = "<group>"; };
		000CE87A1494536E003002C3 /* en */ = {isa = PBXFileReference; lastKnownFileType = text.rtf; name = en; path = en.lproj/Credits.rtf; sourceTree = "<group>"; };
		000CE87C1494536E003002C3 /* ITSAppDelegate.h */ = {isa = PBXFileReference; lastKnownFileType = sourcecode.c.h; path = ITSAppDelegate.h; sourceTree = "<group>"; };
		000CE87D1494536E003002C3 /* ITSAppDelegate.m */ = {isa = PBXFileReference; lastKnownFileType = sourcecode.c.objc; path = ITSAppDelegate.m; sourceTree = "<group>"; };
		000CE88914945481003002C3 /* MMContentAssembler+iTunes.h */ = {isa = PBXFileReference; fileEncoding = 4; lastKnownFileType = sourcecode.c.h; path = "MMContentAssembler+iTunes.h"; sourceTree = "<group>"; };
		000CE88A14945481003002C3 /* MMContentAssembler+iTunes.m */ = {isa = PBXFileReference; fileEncoding = 4; lastKnownFileType = sourcecode.c.objc; path = "MMContentAssembler+iTunes.m"; sourceTree = "<group>"; };
		000CE88C14945481003002C3 /* ITSiTunesContentRepository.h */ = {isa = PBXFileReference; fileEncoding = 4; lastKnownFileType = sourcecode.c.h; path = ITSiTunesContentRepository.h; sourceTree = "<group>"; };
		000CE88D14945481003002C3 /* ITSiTunesContentRepository.m */ = {isa = PBXFileReference; fileEncoding = 4; lastKnownFileType = sourcecode.c.objc; path = ITSiTunesContentRepository.m; sourceTree = "<group>"; };
		000CE88F14945481003002C3 /* ITSAbstractContentResource.h */ = {isa = PBXFileReference; fileEncoding = 4; lastKnownFileType = sourcecode.c.h; path = ITSAbstractContentResource.h; sourceTree = "<group>"; };
		000CE89014945481003002C3 /* ITSAbstractContentResource.m */ = {isa = PBXFileReference; fileEncoding = 4; lastKnownFileType = sourcecode.c.objc; path = ITSAbstractContentResource.m; sourceTree = "<group>"; };
		000CE89114945481003002C3 /* ITSLibraryResource.h */ = {isa = PBXFileReference; fileEncoding = 4; lastKnownFileType = sourcecode.c.h; path = ITSLibraryResource.h; sourceTree = "<group>"; };
		000CE89214945481003002C3 /* ITSLibraryResource.m */ = {isa = PBXFileReference; fileEncoding = 4; lastKnownFileType = sourcecode.c.objc; path = ITSLibraryResource.m; sourceTree = "<group>"; };
		000CE89314945481003002C3 /* ITSPlaylistResource.h */ = {isa = PBXFileReference; fileEncoding = 4; lastKnownFileType = sourcecode.c.h; path = ITSPlaylistResource.h; sourceTree = "<group>"; };
		000CE89414945481003002C3 /* ITSPlaylistResource.m */ = {isa = PBXFileReference; fileEncoding = 4; lastKnownFileType = sourcecode.c.objc; path = ITSPlaylistResource.m; sourceTree = "<group>"; };
		000CE89514945481003002C3 /* ITSTrackResource.h */ = {isa = PBXFileReference; fileEncoding = 4; lastKnownFileType = sourcecode.c.h; path = ITSTrackResource.h; sourceTree = "<group>"; };
		000CE89614945481003002C3 /* ITSTrackResource.m */ = {isa = PBXFileReference; fileEncoding = 4; lastKnownFileType = sourcecode.c.objc; path = ITSTrackResource.m; sourceTree = "<group>"; };
		000CE89814945481003002C3 /* iTunes.h */ = {isa = PBXFileReference; fileEncoding = 4; lastKnownFileType = sourcecode.c.h; path = iTunes.h; sourceTree = "<group>"; };
		000CE89A14945481003002C3 /* ITSiTunesUtil.h */ = {isa = PBXFileReference; fileEncoding = 4; lastKnownFileType = sourcecode.c.h; path = ITSiTunesUtil.h; sourceTree = "<group>"; };
		000CE89B14945481003002C3 /* ITSiTunesUtil.m */ = {isa = PBXFileReference; fileEncoding = 4; lastKnownFileType = sourcecode.c.objc; path = ITSiTunesUtil.m; sourceTree = "<group>"; };
		000CE89C14945481003002C3 /* ITSiTunesWrapper.h */ = {isa = PBXFileReference; fileEncoding = 4; lastKnownFileType = sourcecode.c.h; path = ITSiTunesWrapper.h; sourceTree = "<group>"; };
		000CE89D14945481003002C3 /* ITSiTunesWrapper.m */ = {isa = PBXFileReference; fileEncoding = 4; lastKnownFileType = sourcecode.c.objc; path = ITSiTunesWrapper.m; sourceTree = "<group>"; };
		000CE8AA149454FF003002C3 /* ScriptingBridge.framework */ = {isa = PBXFileReference; lastKnownFileType = wrapper.framework; name = ScriptingBridge.framework; path = System/Library/Frameworks/ScriptingBridge.framework; sourceTree = SDKROOT; };
		000CE8D814945671003002C3 /* MainMenu.xib */ = {isa = PBXFileReference; fileEncoding = 4; lastKnownFileType = file.xib; path = MainMenu.xib; sourceTree = "<group>"; };
		000CE8E914945DF3003002C3 /* ITSConfigurationRepository.h */ = {isa = PBXFileReference; fileEncoding = 4; lastKnownFileType = sourcecode.c.h; name = ITSConfigurationRepository.h; path = domain/configuration/ITSConfigurationRepository.h; sourceTree = "<group>"; };
		000CE8EA14945DF3003002C3 /* ITSConfigurationRepository.m */ = {isa = PBXFileReference; fileEncoding = 4; lastKnownFileType = sourcecode.c.objc; name = ITSConfigurationRepository.m; path = domain/configuration/ITSConfigurationRepository.m; sourceTree = "<group>"; };
		000CE8F214945F32003002C3 /* iTunes Server.prefPane */ = {isa = PBXFileReference; explicitFileType = wrapper.cfbundle; includeInIndex = 0; path = "iTunes Server.prefPane"; sourceTree = BUILT_PRODUCTS_DIR; };
		000CE8F414945F32003002C3 /* PreferencePanes.framework */ = {isa = PBXFileReference; lastKnownFileType = wrapper.framework; name = PreferencePanes.framework; path = System/Library/Frameworks/PreferencePanes.framework; sourceTree = SDKROOT; };
		000CE8F814945F33003002C3 /* iTunesServerPrefPane-Info.plist */ = {isa = PBXFileReference; lastKnownFileType = text.plist.xml; path = "iTunesServerPrefPane-Info.plist"; sourceTree = "<group>"; };
		000CE8FA14945F33003002C3 /* en */ = {isa = PBXFileReference; lastKnownFileType = text.plist.strings; name = en; path = en.lproj/InfoPlist.strings; sourceTree = "<group>"; };
		000CE8FC14945F33003002C3 /* iTunesServerPrefPane-Prefix.pch */ = {isa = PBXFileReference; lastKnownFileType = sourcecode.c.h; path = "iTunesServerPrefPane-Prefix.pch"; sourceTree = "<group>"; };
		000CE8FD14945F33003002C3 /* iTunesServerPrefPane.h */ = {isa = PBXFileReference; lastKnownFileType = sourcecode.c.h; path = iTunesServerPrefPane.h; sourceTree = "<group>"; };
		000CE8FE14945F33003002C3 /* iTunesServerPrefPane.m */ = {isa = PBXFileReference; lastKnownFileType = sourcecode.c.objc; path = iTunesServerPrefPane.m; sourceTree = "<group>"; };
		000CE90014945F33003002C3 /* iTunesServerPrefPane.tiff */ = {isa = PBXFileReference; lastKnownFileType = image.tiff; path = iTunesServerPrefPane.tiff; sourceTree = "<group>"; };
		000CE90314945F33003002C3 /* en */ = {isa = PBXFileReference; lastKnownFileType = file.xib; name = en; path = en.lproj/iTunesServerPrefPane.xib; sourceTree = "<group>"; };
		000CE96514947DAD003002C3 /* Rakefile */ = {isa = PBXFileReference; lastKnownFileType = text; path = Rakefile; sourceTree = "<group>"; };
/* End PBXFileReference section */

/* Begin PBXFrameworksBuildPhase section */
		000CE8631494536E003002C3 /* Frameworks */ = {
			isa = PBXFrameworksBuildPhase;
			buildActionMask = 2147483647;
			files = (
				000CE8AB149454FF003002C3 /* ScriptingBridge.framework in Frameworks */,
				000CE86B1494536E003002C3 /* Cocoa.framework in Frameworks */,
			);
			runOnlyForDeploymentPostprocessing = 0;
		};
		000CE8ED14945F32003002C3 /* Frameworks */ = {
			isa = PBXFrameworksBuildPhase;
			buildActionMask = 2147483647;
			files = (
				000CE8F314945F32003002C3 /* Cocoa.framework in Frameworks */,
				000CE8F514945F32003002C3 /* PreferencePanes.framework in Frameworks */,
			);
			runOnlyForDeploymentPostprocessing = 0;
		};
/* End PBXFrameworksBuildPhase section */

/* Begin PBXGroup section */
		000CE85B1494536D003002C3 = {
			isa = PBXGroup;
			children = (
				000CE8701494536E003002C3 /* iTunesServer */,
				000CE8F614945F32003002C3 /* iTunesServerPrefPane */,
				000CE8691494536E003002C3 /* Frameworks */,
				000CE8671494536E003002C3 /* Products */,
				000CE96514947DAD003002C3 /* Rakefile */,
			);
			sourceTree = "<group>";
		};
		000CE8671494536E003002C3 /* Products */ = {
			isa = PBXGroup;
			children = (
				000CE8661494536E003002C3 /* iTunesServer.app */,
				000CE8F214945F32003002C3 /* iTunes Server.prefPane */,
			);
			name = Products;
			sourceTree = "<group>";
		};
		000CE8691494536E003002C3 /* Frameworks */ = {
			isa = PBXGroup;
			children = (
				000CE86A1494536E003002C3 /* Cocoa.framework */,
				000CE8AA149454FF003002C3 /* ScriptingBridge.framework */,
				000CE8F414945F32003002C3 /* PreferencePanes.framework */,
				000CE86C1494536E003002C3 /* Other Frameworks */,
			);
			name = Frameworks;
			sourceTree = "<group>";
		};
		000CE86C1494536E003002C3 /* Other Frameworks */ = {
			isa = PBXGroup;
			children = (
				000CE86D1494536E003002C3 /* AppKit.framework */,
				000CE86E1494536E003002C3 /* CoreData.framework */,
				000CE86F1494536E003002C3 /* Foundation.framework */,
			);
			name = "Other Frameworks";
			sourceTree = "<group>";
		};
		000CE8701494536E003002C3 /* iTunesServer */ = {
			isa = PBXGroup;
			children = (
				000CE88714945481003002C3 /* Classes */,
				000CE87C1494536E003002C3 /* ITSAppDelegate.h */,
				000CE87D1494536E003002C3 /* ITSAppDelegate.m */,
				000CE8D814945671003002C3 /* MainMenu.xib */,
				000CE8711494536E003002C3 /* Supporting Files */,
			);
			path = iTunesServer;
			sourceTree = "<group>";
		};
		000CE8711494536E003002C3 /* Supporting Files */ = {
			isa = PBXGroup;
			children = (
				000CE8721494536E003002C3 /* iTunesServer-Info.plist */,
				000CE8731494536E003002C3 /* InfoPlist.strings */,
				000CE8761494536E003002C3 /* main.m */,
				000CE8781494536E003002C3 /* iTunesServer-Prefix.pch */,
				000CE8791494536E003002C3 /* Credits.rtf */,
			);
			name = "Supporting Files";
			sourceTree = "<group>";
		};
		000CE88714945481003002C3 /* Classes */ = {
			isa = PBXGroup;
			children = (
				000CE88814945481003002C3 /* assembler */,
				000CE8E614945CFF003002C3 /* domain */,
				000CE88B14945481003002C3 /* repository */,
				000CE88E14945481003002C3 /* resource */,
				000CE89714945481003002C3 /* ScriptingBridge */,
				000CE89914945481003002C3 /* util */,
			);
			path = Classes;
			sourceTree = "<group>";
		};
		000CE88814945481003002C3 /* assembler */ = {
			isa = PBXGroup;
			children = (
				000CE88914945481003002C3 /* MMContentAssembler+iTunes.h */,
				000CE88A14945481003002C3 /* MMContentAssembler+iTunes.m */,
			);
			path = assembler;
			sourceTree = "<group>";
		};
		000CE88B14945481003002C3 /* repository */ = {
			isa = PBXGroup;
			children = (
				000CE88C14945481003002C3 /* ITSiTunesContentRepository.h */,
				000CE88D14945481003002C3 /* ITSiTunesContentRepository.m */,
			);
			path = repository;
			sourceTree = "<group>";
		};
		000CE88E14945481003002C3 /* resource */ = {
			isa = PBXGroup;
			children = (
				000CE88F14945481003002C3 /* ITSAbstractContentResource.h */,
				000CE89014945481003002C3 /* ITSAbstractContentResource.m */,
				000CE89114945481003002C3 /* ITSLibraryResource.h */,
				000CE89214945481003002C3 /* ITSLibraryResource.m */,
				000CE89314945481003002C3 /* ITSPlaylistResource.h */,
				000CE89414945481003002C3 /* ITSPlaylistResource.m */,
				000CE89514945481003002C3 /* ITSTrackResource.h */,
				000CE89614945481003002C3 /* ITSTrackResource.m */,
			);
			path = resource;
			sourceTree = "<group>";
		};
		000CE89714945481003002C3 /* ScriptingBridge */ = {
			isa = PBXGroup;
			children = (
				000CE89814945481003002C3 /* iTunes.h */,
			);
			path = ScriptingBridge;
			sourceTree = "<group>";
		};
		000CE89914945481003002C3 /* util */ = {
			isa = PBXGroup;
			children = (
				000CE89A14945481003002C3 /* ITSiTunesUtil.h */,
				000CE89B14945481003002C3 /* ITSiTunesUtil.m */,
				000CE89C14945481003002C3 /* ITSiTunesWrapper.h */,
				000CE89D14945481003002C3 /* ITSiTunesWrapper.m */,
			);
			path = util;
			sourceTree = "<group>";
		};
		000CE8E614945CFF003002C3 /* domain */ = {
			isa = PBXGroup;
			children = (
				000CE8E814945D09003002C3 /* configuration */,
			);
			name = domain;
			sourceTree = "<group>";
		};
		000CE8E814945D09003002C3 /* configuration */ = {
			isa = PBXGroup;
			children = (
				000CE8E914945DF3003002C3 /* ITSConfigurationRepository.h */,
				000CE8EA14945DF3003002C3 /* ITSConfigurationRepository.m */,
			);
			name = configuration;
			sourceTree = "<group>";
		};
		000CE8F614945F32003002C3 /* iTunesServerPrefPane */ = {
			isa = PBXGroup;
			children = (
				000CE8FD14945F33003002C3 /* iTunesServerPrefPane.h */,
				000CE8FE14945F33003002C3 /* iTunesServerPrefPane.m */,
				000CE90014945F33003002C3 /* iTunesServerPrefPane.tiff */,
				000CE90214945F33003002C3 /* iTunesServerPrefPane.xib */,
				000CE8F714945F33003002C3 /* Supporting Files */,
			);
			path = iTunesServerPrefPane;
			sourceTree = "<group>";
		};
		000CE8F714945F33003002C3 /* Supporting Files */ = {
			isa = PBXGroup;
			children = (
				000CE8F814945F33003002C3 /* iTunesServerPrefPane-Info.plist */,
				000CE8F914945F33003002C3 /* InfoPlist.strings */,
				000CE8FC14945F33003002C3 /* iTunesServerPrefPane-Prefix.pch */,
			);
			name = "Supporting Files";
			sourceTree = "<group>";
		};
/* End PBXGroup section */

/* Begin PBXHeadersBuildPhase section */
		000CE8EE14945F32003002C3 /* Headers */ = {
			isa = PBXHeadersBuildPhase;
			buildActionMask = 2147483647;
			files = (
			);
			runOnlyForDeploymentPostprocessing = 0;
		};
/* End PBXHeadersBuildPhase section */

/* Begin PBXNativeTarget section */
		000CE8651494536E003002C3 /* iTunesServer */ = {
			isa = PBXNativeTarget;
			buildConfigurationList = 000CE8841494536E003002C3 /* Build configuration list for PBXNativeTarget "iTunesServer" */;
			buildPhases = (
				000CE8621494536E003002C3 /* Sources */,
				000CE8631494536E003002C3 /* Frameworks */,
				000CE8641494536E003002C3 /* Resources */,
			);
			buildRules = (
			);
			dependencies = (
			);
			name = iTunesServer;
			productName = iTunesServer;
			productReference = 000CE8661494536E003002C3 /* iTunesServer.app */;
			productType = "com.apple.product-type.application";
		};
		000CE8F114945F32003002C3 /* iTunesServerPrefPane */ = {
			isa = PBXNativeTarget;
			buildConfigurationList = 000CE90514945F33003002C3 /* Build configuration list for PBXNativeTarget "iTunesServerPrefPane" */;
			buildPhases = (
				000CE8EC14945F32003002C3 /* Sources */,
				000CE8ED14945F32003002C3 /* Frameworks */,
				000CE8EE14945F32003002C3 /* Headers */,
				000CE8EF14945F32003002C3 /* Resources */,
				000CE8F014945F32003002C3 /* Rez */,
			);
			buildRules = (
			);
			dependencies = (
			);
			name = iTunesServerPrefPane;
			productName = iTunesServerPrefPane;
			productReference = 000CE8F214945F32003002C3 /* iTunes Server.prefPane */;
			productType = "com.apple.product-type.bundle";
		};
/* End PBXNativeTarget section */

/* Begin PBXProject section */
		000CE85D1494536D003002C3 /* Project object */ = {
			isa = PBXProject;
			attributes = {
				LastUpgradeCheck = 0420;
				ORGANIZATIONNAME = Edmunds;
			};
			buildConfigurationList = 000CE8601494536D003002C3 /* Build configuration list for PBXProject "iTunesServer" */;
			compatibilityVersion = "Xcode 3.2";
			developmentRegion = English;
			hasScannedForEncodings = 0;
			knownRegions = (
				en,
			);
			mainGroup = 000CE85B1494536D003002C3;
			productRefGroup = 000CE8671494536E003002C3 /* Products */;
			projectDirPath = "";
			projectRoot = "";
			targets = (
				000CE8651494536E003002C3 /* iTunesServer */,
				000CE8F114945F32003002C3 /* iTunesServerPrefPane */,
			);
		};
/* End PBXProject section */

/* Begin PBXResourcesBuildPhase section */
		000CE8641494536E003002C3 /* Resources */ = {
			isa = PBXResourcesBuildPhase;
			buildActionMask = 2147483647;
			files = (
				000CE8751494536E003002C3 /* InfoPlist.strings in Resources */,
				000CE87B1494536E003002C3 /* Credits.rtf in Resources */,
				000CE8D914945671003002C3 /* MainMenu.xib in Resources */,
			);
			runOnlyForDeploymentPostprocessing = 0;
		};
		000CE8EF14945F32003002C3 /* Resources */ = {
			isa = PBXResourcesBuildPhase;
			buildActionMask = 2147483647;
			files = (
				000CE8FB14945F33003002C3 /* InfoPlist.strings in Resources */,
				000CE90114945F33003002C3 /* iTunesServerPrefPane.tiff in Resources */,
				000CE90414945F33003002C3 /* iTunesServerPrefPane.xib in Resources */,
			);
			runOnlyForDeploymentPostprocessing = 0;
		};
/* End PBXResourcesBuildPhase section */

/* Begin PBXRezBuildPhase section */
		000CE8F014945F32003002C3 /* Rez */ = {
			isa = PBXRezBuildPhase;
			buildActionMask = 2147483647;
			files = (
			);
			runOnlyForDeploymentPostprocessing = 0;
		};
/* End PBXRezBuildPhase section */

/* Begin PBXSourcesBuildPhase section */
		000CE8621494536E003002C3 /* Sources */ = {
			isa = PBXSourcesBuildPhase;
			buildActionMask = 2147483647;
			files = (
				000CE8771494536E003002C3 /* main.m in Sources */,
				000CE87E1494536E003002C3 /* ITSAppDelegate.m in Sources */,
				000CE89E14945481003002C3 /* MMContentAssembler+iTunes.m in Sources */,
				000CE89F14945481003002C3 /* ITSiTunesContentRepository.m in Sources */,
				000CE8A014945481003002C3 /* ITSAbstractContentResource.m in Sources */,
				000CE8A114945481003002C3 /* ITSLibraryResource.m in Sources */,
				000CE8A214945481003002C3 /* ITSPlaylistResource.m in Sources */,
				000CE8A314945481003002C3 /* ITSTrackResource.m in Sources */,
				000CE8A414945481003002C3 /* ITSiTunesUtil.m in Sources */,
				000CE8A514945481003002C3 /* ITSiTunesWrapper.m in Sources */,
				000CE8EB14945DF3003002C3 /* ITSConfigurationRepository.m in Sources */,
			);
			runOnlyForDeploymentPostprocessing = 0;
		};
		000CE8EC14945F32003002C3 /* Sources */ = {
			isa = PBXSourcesBuildPhase;
			buildActionMask = 2147483647;
			files = (
				000CE8FF14945F33003002C3 /* iTunesServerPrefPane.m in Sources */,
			);
			runOnlyForDeploymentPostprocessing = 0;
		};
/* End PBXSourcesBuildPhase section */

/* Begin PBXVariantGroup section */
		000CE8731494536E003002C3 /* InfoPlist.strings */ = {
			isa = PBXVariantGroup;
			children = (
				000CE8741494536E003002C3 /* en */,
			);
			name = InfoPlist.strings;
			sourceTree = "<group>";
		};
		000CE8791494536E003002C3 /* Credits.rtf */ = {
			isa = PBXVariantGroup;
			children = (
				000CE87A1494536E003002C3 /* en */,
			);
			name = Credits.rtf;
			sourceTree = "<group>";
		};
		000CE8F914945F33003002C3 /* InfoPlist.strings */ = {
			isa = PBXVariantGroup;
			children = (
				000CE8FA14945F33003002C3 /* en */,
			);
			name = InfoPlist.strings;
			sourceTree = "<group>";
		};
		000CE90214945F33003002C3 /* iTunesServerPrefPane.xib */ = {
			isa = PBXVariantGroup;
			children = (
				000CE90314945F33003002C3 /* en */,
			);
			name = iTunesServerPrefPane.xib;
			sourceTree = "<group>";
		};
/* End PBXVariantGroup section */

/* Begin XCBuildConfiguration section */
		000CE8821494536E003002C3 /* Debug */ = {
			isa = XCBuildConfiguration;
			buildSettings = {
				ALWAYS_SEARCH_USER_PATHS = YES;
				ARCHS = "$(ARCHS_STANDARD_64_BIT)";
				CLANG_ENABLE_OBJC_ARC = YES;
				COPY_PHASE_STRIP = NO;
				GCC_C_LANGUAGE_STANDARD = gnu99;
				GCC_DYNAMIC_NO_PIC = NO;
				GCC_ENABLE_OBJC_EXCEPTIONS = YES;
				GCC_OPTIMIZATION_LEVEL = 0;
				GCC_PREPROCESSOR_DEFINITIONS = (
					"DEBUG=1",
					"$(inherited)",
				);
				GCC_SYMBOLS_PRIVATE_EXTERN = NO;
				GCC_VERSION = com.apple.compilers.llvm.clang.1_0;
				GCC_WARN_64_TO_32_BIT_CONVERSION = YES;
				GCC_WARN_ABOUT_MISSING_PROTOTYPES = YES;
				GCC_WARN_ABOUT_RETURN_TYPE = YES;
				GCC_WARN_UNUSED_VARIABLE = YES;
				HEADER_SEARCH_PATHS = (
					"/usr/local/xcodeproducts/MediaManagement-x86/LATEST",
					/usr/local/xcodeproducts/HTTPServe/LATEST,
					"/usr/local/xcodeproducts/KraCommons-x86/LATEST",
				);
				LIBRARY_SEARCH_PATHS = (
					"/usr/local/xcodeproducts/MediaManagement-x86/LATEST",
					/usr/local/xcodeproducts/HTTPServe/LATEST,
					"/usr/local/xcodeproducts/KraCommons-x86/LATEST",
				);
				MACOSX_DEPLOYMENT_TARGET = 10.7;
				ONLY_ACTIVE_ARCH = YES;
				OTHER_LDFLAGS = (
					"-Objc",
					"-all_load",
					"-lHTTPServe",
					"-lMediaManagement-x86",
					"-lKraCommons-x86",
				);
				SDKROOT = macosx;
			};
			name = Debug;
		};
		000CE8831494536E003002C3 /* Release */ = {
			isa = XCBuildConfiguration;
			buildSettings = {
				ALWAYS_SEARCH_USER_PATHS = YES;
				ARCHS = "$(ARCHS_STANDARD_64_BIT)";
				CLANG_ENABLE_OBJC_ARC = YES;
				COPY_PHASE_STRIP = YES;
				DEBUG_INFORMATION_FORMAT = "dwarf-with-dsym";
				GCC_C_LANGUAGE_STANDARD = gnu99;
				GCC_ENABLE_OBJC_EXCEPTIONS = YES;
				GCC_VERSION = com.apple.compilers.llvm.clang.1_0;
				GCC_WARN_64_TO_32_BIT_CONVERSION = YES;
				GCC_WARN_ABOUT_MISSING_PROTOTYPES = YES;
				GCC_WARN_ABOUT_RETURN_TYPE = YES;
				GCC_WARN_UNUSED_VARIABLE = YES;
				HEADER_SEARCH_PATHS = (
					"/usr/local/xcodeproducts/MediaManagement-x86/LATEST",
					/usr/local/xcodeproducts/HTTPServe/LATEST,
					"/usr/local/xcodeproducts/KraCommons-x86/LATEST",
				);
				LIBRARY_SEARCH_PATHS = (
					"/usr/local/xcodeproducts/MediaManagement-x86/LATEST",
					/usr/local/xcodeproducts/HTTPServe/LATEST,
					"/usr/local/xcodeproducts/KraCommons-x86/LATEST",
				);
				MACOSX_DEPLOYMENT_TARGET = 10.7;
				OTHER_LDFLAGS = (
					"-Objc",
					"-all_load",
					"-lHTTPServe",
					"-lMediaManagement-x86",
					"-lKraCommons-x86",
				);
				SDKROOT = macosx;
			};
			name = Release;
		};
		000CE8851494536E003002C3 /* Debug */ = {
			isa = XCBuildConfiguration;
			buildSettings = {
				GCC_PRECOMPILE_PREFIX_HEADER = YES;
				GCC_PREFIX_HEADER = "iTunesServer/iTunesServer-Prefix.pch";
				INFOPLIST_FILE = "iTunesServer/iTunesServer-Info.plist";
				PRODUCT_NAME = "$(TARGET_NAME)";
				WRAPPER_EXTENSION = app;
			};
			name = Debug;
		};
		000CE8861494536E003002C3 /* Release */ = {
			isa = XCBuildConfiguration;
			buildSettings = {
				GCC_PRECOMPILE_PREFIX_HEADER = YES;
				GCC_PREFIX_HEADER = "iTunesServer/iTunesServer-Prefix.pch";
				INFOPLIST_FILE = "iTunesServer/iTunesServer-Info.plist";
				PRODUCT_NAME = "$(TARGET_NAME)";
				WRAPPER_EXTENSION = app;
			};
			name = Release;
		};
		000CE90614945F33003002C3 /* Debug */ = {
			isa = XCBuildConfiguration;
			buildSettings = {
				ALWAYS_SEARCH_USER_PATHS = NO;
				ARCHS = "$(ARCHS_STANDARD_32_64_BIT)";
				GCC_ENABLE_OBJC_GC = supported;
				GCC_PRECOMPILE_PREFIX_HEADER = YES;
				GCC_PREFIX_HEADER = "iTunesServerPrefPane/iTunesServerPrefPane-Prefix.pch";
				INFOPLIST_FILE = "iTunesServerPrefPane/iTunesServerPrefPane-Info.plist";
				INSTALL_PATH = "$(HOME)/Library/PreferencePanes";
				OTHER_LDFLAGS = "";
				PRODUCT_NAME = "iTunes Server";
				WRAPPER_EXTENSION = prefPane;
			};
			name = Debug;
		};
		000CE90714945F33003002C3 /* Release */ = {
			isa = XCBuildConfiguration;
			buildSettings = {
				ALWAYS_SEARCH_USER_PATHS = NO;
				ARCHS = "$(ARCHS_STANDARD_32_64_BIT)";
				GCC_ENABLE_OBJC_GC = supported;
				GCC_PRECOMPILE_PREFIX_HEADER = YES;
				GCC_PREFIX_HEADER = "iTunesServerPrefPane/iTunesServerPrefPane-Prefix.pch";
				INFOPLIST_FILE = "iTunesServerPrefPane/iTunesServerPrefPane-Info.plist";
				INSTALL_PATH = "$(HOME)/Library/PreferencePanes";
				OTHER_LDFLAGS = "";
				PRODUCT_NAME = "iTunes Server";
				WRAPPER_EXTENSION = prefPane;
			};
			name = Release;
		};
/* End XCBuildConfiguration section */

/* Begin XCConfigurationList section */
		000CE8601494536D003002C3 /* Build configuration list for PBXProject "iTunesServer" */ = {
			isa = XCConfigurationList;
			buildConfigurations = (
				000CE8821494536E003002C3 /* Debug */,
				000CE8831494536E003002C3 /* Release */,
			);
			defaultConfigurationIsVisible = 0;
			defaultConfigurationName = Release;
		};
		000CE8841494536E003002C3 /* Build configuration list for PBXNativeTarget "iTunesServer" */ = {
			isa = XCConfigurationList;
			buildConfigurations = (
				000CE8851494536E003002C3 /* Debug */,
				000CE8861494536E003002C3 /* Release */,
			);
			defaultConfigurationIsVisible = 0;
			defaultConfigurationName = Release;
		};
		000CE90514945F33003002C3 /* Build configuration list for PBXNativeTarget "iTunesServerPrefPane" */ = {
			isa = XCConfigurationList;
			buildConfigurations = (
				000CE90614945F33003002C3 /* Debug */,
				000CE90714945F33003002C3 /* Release */,
			);
			defaultConfigurationIsVisible = 0;
		};
/* End XCConfigurationList section */
	};
	rootObject = 000CE85D1494536D003002C3 /* Project object */;
}
