// !$*UTF8*$!
{
	archiveVersion = 1;
	classes = {
	};
	objectVersion = 46;
	objects = {

/* Begin PBXBuildFile section */
		002A0A4D13243E1500320A06 /* Foundation.framework in Frameworks */ = {isa = PBXBuildFile; fileRef = 002A0A4C13243E1500320A06 /* Foundation.framework */; };
		002A0A5013243E1500320A06 /* main.m in Sources */ = {isa = PBXBuildFile; fileRef = 002A0A4F13243E1500320A06 /* main.m */; };
		00A6305E135E8C5C0084BB4F /* libmedia-management-common-x86_64.a in Frameworks */ = {isa = PBXBuildFile; fileRef = 00A6305C135E8BFA0084BB4F /* libmedia-management-common-x86_64.a */; };
		00A74A05136CEB7F0081E54F /* ScriptingBridge.framework in Frameworks */ = {isa = PBXBuildFile; fileRef = 00A74A04136CEB7F0081E54F /* ScriptingBridge.framework */; };
		00A74A14136CFFA40081E54F /* ContentAssembler+iTunes.m in Sources */ = {isa = PBXBuildFile; fileRef = 00A74A13136CFFA40081E54F /* ContentAssembler+iTunes.m */; };
		00B3F8BD132C6601003A4FCD /* MovieResource.m in Sources */ = {isa = PBXBuildFile; fileRef = 00B3F8BC132C6601003A4FCD /* MovieResource.m */; };
		00B3F8C1132C6624003A4FCD /* iTunesContentRepository.m in Sources */ = {isa = PBXBuildFile; fileRef = 00B3F8C0132C6624003A4FCD /* iTunesContentRepository.m */; };
		00B3F8C3132C70B6003A4FCD /* ApplicationServices.framework in Frameworks */ = {isa = PBXBuildFile; fileRef = 00B3F8C2132C70B6003A4FCD /* ApplicationServices.framework */; };
		00B3F8C5132C70F3003A4FCD /* AppKit.framework in Frameworks */ = {isa = PBXBuildFile; fileRef = 00B3F8C4132C70F3003A4FCD /* AppKit.framework */; };
		00C76DCE13492FA70057F9E6 /* MusicResource.m in Sources */ = {isa = PBXBuildFile; fileRef = 00C76DCD13492FA70057F9E6 /* MusicResource.m */; };
		00DCDF5D136CBC92002A37F6 /* libhttpserve.a in Frameworks */ = {isa = PBXBuildFile; fileRef = 00DCDF5C136CBC92002A37F6 /* libhttpserve.a */; };
		00E35DD9132C04ED00D25EFF /* CoreServices.framework in Frameworks */ = {isa = PBXBuildFile; fileRef = 00E35DD8132C04ED00D25EFF /* CoreServices.framework */; };
/* End PBXBuildFile section */

/* Begin PBXCopyFilesBuildPhase section */
		002A0A4613243E1500320A06 /* CopyFiles */ = {
			isa = PBXCopyFilesBuildPhase;
			buildActionMask = 2147483647;
			dstPath = /usr/share/man/man1/;
			dstSubfolderSpec = 0;
			files = (
			);
			runOnlyForDeploymentPostprocessing = 1;
		};
/* End PBXCopyFilesBuildPhase section */

/* Begin PBXFileReference section */
		002A0A4813243E1500320A06 /* CLIServer */ = {isa = PBXFileReference; explicitFileType = "compiled.mach-o.executable"; includeInIndex = 0; path = CLIServer; sourceTree = BUILT_PRODUCTS_DIR; };
		002A0A4C13243E1500320A06 /* Foundation.framework */ = {isa = PBXFileReference; lastKnownFileType = wrapper.framework; name = Foundation.framework; path = System/Library/Frameworks/Foundation.framework; sourceTree = SDKROOT; };
		002A0A4F13243E1500320A06 /* main.m */ = {isa = PBXFileReference; lastKnownFileType = sourcecode.c.objc; path = main.m; sourceTree = "<group>"; };
		002A0A5213243E1500320A06 /* CLIServer-Prefix.pch */ = {isa = PBXFileReference; lastKnownFileType = sourcecode.c.h; path = "CLIServer-Prefix.pch"; sourceTree = "<group>"; };
		002A0A5313243E1500320A06 /* CLIServer.1 */ = {isa = PBXFileReference; lastKnownFileType = text.man; path = CLIServer.1; sourceTree = "<group>"; };
		00323D8E132C1B25003BED87 /* liblibjson-i386.a */ = {isa = PBXFileReference; lastKnownFileType = archive.ar; path = "liblibjson-i386.a"; sourceTree = "<group>"; };
		00323D8F132C1B25003BED87 /* liblibjson-x86_64.a */ = {isa = PBXFileReference; lastKnownFileType = archive.ar; path = "liblibjson-x86_64.a"; sourceTree = "<group>"; };
		00978200132C803A00F5E563 /* Automator.framework */ = {isa = PBXFileReference; lastKnownFileType = wrapper.framework; name = Automator.framework; path = System/Library/Frameworks/Automator.framework; sourceTree = SDKROOT; };
		00A63057135E8B860084BB4F /* libhttpserve-x86_64.a */ = {isa = PBXFileReference; lastKnownFileType = archive.ar; path = "libhttpserve-x86_64.a"; sourceTree = "<group>"; };
		00A63059135E8B860084BB4F /* libhttpserve-x86_64.a */ = {isa = PBXFileReference; lastKnownFileType = archive.ar; path = "libhttpserve-x86_64.a"; sourceTree = "<group>"; };
		00A6305C135E8BFA0084BB4F /* libmedia-management-common-x86_64.a */ = {isa = PBXFileReference; lastKnownFileType = archive.ar; name = "libmedia-management-common-x86_64.a"; path = "libraries/libmedia-management-common-x86_64.a"; sourceTree = "<group>"; };
		00A74A04136CEB7F0081E54F /* ScriptingBridge.framework */ = {isa = PBXFileReference; lastKnownFileType = wrapper.framework; name = ScriptingBridge.framework; path = System/Library/Frameworks/ScriptingBridge.framework; sourceTree = SDKROOT; };
		00A74A09136CECA10081E54F /* iTunes.h */ = {isa = PBXFileReference; fileEncoding = 4; lastKnownFileType = sourcecode.c.h; path = iTunes.h; sourceTree = "<group>"; };
		00A74A12136CFFA40081E54F /* ContentAssembler+iTunes.h */ = {isa = PBXFileReference; fileEncoding = 4; lastKnownFileType = sourcecode.c.h; path = "ContentAssembler+iTunes.h"; sourceTree = "<group>"; };
		00A74A13136CFFA40081E54F /* ContentAssembler+iTunes.m */ = {isa = PBXFileReference; fileEncoding = 4; lastKnownFileType = sourcecode.c.objc; path = "ContentAssembler+iTunes.m"; sourceTree = "<group>"; };
		00B3F8BB132C6601003A4FCD /* MovieResource.h */ = {isa = PBXFileReference; fileEncoding = 4; lastKnownFileType = sourcecode.c.h; path = MovieResource.h; sourceTree = "<group>"; };
		00B3F8BC132C6601003A4FCD /* MovieResource.m */ = {isa = PBXFileReference; fileEncoding = 4; lastKnownFileType = sourcecode.c.objc; path = MovieResource.m; sourceTree = "<group>"; };
		00B3F8BF132C6624003A4FCD /* iTunesContentRepository.h */ = {isa = PBXFileReference; fileEncoding = 4; lastKnownFileType = sourcecode.c.h; path = iTunesContentRepository.h; sourceTree = "<group>"; };
		00B3F8C0132C6624003A4FCD /* iTunesContentRepository.m */ = {isa = PBXFileReference; fileEncoding = 4; lastKnownFileType = sourcecode.c.objc; path = iTunesContentRepository.m; sourceTree = "<group>"; };
		00B3F8C2132C70B6003A4FCD /* ApplicationServices.framework */ = {isa = PBXFileReference; lastKnownFileType = wrapper.framework; name = ApplicationServices.framework; path = System/Library/Frameworks/ApplicationServices.framework; sourceTree = SDKROOT; };
		00B3F8C4132C70F3003A4FCD /* AppKit.framework */ = {isa = PBXFileReference; lastKnownFileType = wrapper.framework; name = AppKit.framework; path = System/Library/Frameworks/AppKit.framework; sourceTree = SDKROOT; };
		00C76DCC13492FA70057F9E6 /* MusicResource.h */ = {isa = PBXFileReference; fileEncoding = 4; lastKnownFileType = sourcecode.c.h; path = MusicResource.h; sourceTree = "<group>"; };
		00C76DCD13492FA70057F9E6 /* MusicResource.m */ = {isa = PBXFileReference; fileEncoding = 4; lastKnownFileType = sourcecode.c.objc; path = MusicResource.m; sourceTree = "<group>"; };
		00DCDF5C136CBC92002A37F6 /* libhttpserve.a */ = {isa = PBXFileReference; explicitFileType = archive.ar; path = libhttpserve.a; sourceTree = SOURCE_ROOT; };
		00E35DC1132C048E00D25EFF /* HttpMethod.h */ = {isa = PBXFileReference; fileEncoding = 4; lastKnownFileType = sourcecode.c.h; path = HttpMethod.h; sourceTree = "<group>"; };
		00E35DC2132C048E00D25EFF /* HSHTTPServe.h */ = {isa = PBXFileReference; fileEncoding = 4; lastKnownFileType = sourcecode.c.h; path = HSHTTPServe.h; sourceTree = "<group>"; };
		00E35DC3132C048E00D25EFF /* Request.h */ = {isa = PBXFileReference; fileEncoding = 4; lastKnownFileType = sourcecode.c.h; path = Request.h; sourceTree = "<group>"; };
		00E35DC4132C048E00D25EFF /* RequestHandler.h */ = {isa = PBXFileReference; fileEncoding = 4; lastKnownFileType = sourcecode.c.h; path = RequestHandler.h; sourceTree = "<group>"; };
		00E35DC5132C048E00D25EFF /* HSResourceDescriptor.h */ = {isa = PBXFileReference; fileEncoding = 4; lastKnownFileType = sourcecode.c.h; path = HSResourceDescriptor.h; sourceTree = "<group>"; };
		00E35DC6132C048E00D25EFF /* HSResponse.h */ = {isa = PBXFileReference; fileEncoding = 4; lastKnownFileType = sourcecode.c.h; path = HSResponse.h; sourceTree = "<group>"; };
		00E35DC7132C048E00D25EFF /* ResponseCode.h */ = {isa = PBXFileReference; fileEncoding = 4; lastKnownFileType = sourcecode.c.h; path = ResponseCode.h; sourceTree = "<group>"; };
		00E35DC8132C048E00D25EFF /* RestResource.h */ = {isa = PBXFileReference; fileEncoding = 4; lastKnownFileType = sourcecode.c.h; path = RestResource.h; sourceTree = "<group>"; };
		00E35DCD132C048E00D25EFF /* JSON.h */ = {isa = PBXFileReference; fileEncoding = 4; lastKnownFileType = sourcecode.c.h; path = JSON.h; sourceTree = "<group>"; };
		00E35DCE132C048E00D25EFF /* NSObject+JSON.h */ = {isa = PBXFileReference; fileEncoding = 4; lastKnownFileType = sourcecode.c.h; path = "NSObject+JSON.h"; sourceTree = "<group>"; };
		00E35DCF132C048E00D25EFF /* SBJsonParser.h */ = {isa = PBXFileReference; fileEncoding = 4; lastKnownFileType = sourcecode.c.h; path = SBJsonParser.h; sourceTree = "<group>"; };
		00E35DD0132C048E00D25EFF /* SBJsonStreamParser.h */ = {isa = PBXFileReference; fileEncoding = 4; lastKnownFileType = sourcecode.c.h; path = SBJsonStreamParser.h; sourceTree = "<group>"; };
		00E35DD1132C048E00D25EFF /* SBJsonStreamParserAdapter.h */ = {isa = PBXFileReference; fileEncoding = 4; lastKnownFileType = sourcecode.c.h; path = SBJsonStreamParserAdapter.h; sourceTree = "<group>"; };
		00E35DD2132C048E00D25EFF /* SBJsonStreamWriter.h */ = {isa = PBXFileReference; fileEncoding = 4; lastKnownFileType = sourcecode.c.h; path = SBJsonStreamWriter.h; sourceTree = "<group>"; };
		00E35DD3132C048E00D25EFF /* SBJsonTokeniser.h */ = {isa = PBXFileReference; fileEncoding = 4; lastKnownFileType = sourcecode.c.h; path = SBJsonTokeniser.h; sourceTree = "<group>"; };
		00E35DD4132C048E00D25EFF /* SBJsonWriter.h */ = {isa = PBXFileReference; fileEncoding = 4; lastKnownFileType = sourcecode.c.h; path = SBJsonWriter.h; sourceTree = "<group>"; };
		00E35DD8132C04ED00D25EFF /* CoreServices.framework */ = {isa = PBXFileReference; lastKnownFileType = wrapper.framework; name = CoreServices.framework; path = System/Library/Frameworks/CoreServices.framework; sourceTree = SDKROOT; };
/* End PBXFileReference section */

/* Begin PBXFrameworksBuildPhase section */
		002A0A4513243E1500320A06 /* Frameworks */ = {
			isa = PBXFrameworksBuildPhase;
			buildActionMask = 2147483647;
			files = (
				00A74A05136CEB7F0081E54F /* ScriptingBridge.framework in Frameworks */,
				00B3F8C5132C70F3003A4FCD /* AppKit.framework in Frameworks */,
				00B3F8C3132C70B6003A4FCD /* ApplicationServices.framework in Frameworks */,
				00E35DD9132C04ED00D25EFF /* CoreServices.framework in Frameworks */,
				002A0A4D13243E1500320A06 /* Foundation.framework in Frameworks */,
				00A6305E135E8C5C0084BB4F /* libmedia-management-common-x86_64.a in Frameworks */,
				00DCDF5D136CBC92002A37F6 /* libhttpserve.a in Frameworks */,
			);
			runOnlyForDeploymentPostprocessing = 0;
		};
/* End PBXFrameworksBuildPhase section */

/* Begin PBXGroup section */
		002A0A3D13243E1400320A06 = {
			isa = PBXGroup;
			children = (
				00A74A04136CEB7F0081E54F /* ScriptingBridge.framework */,
				00978200132C803A00F5E563 /* Automator.framework */,
				00B3F8C4132C70F3003A4FCD /* AppKit.framework */,
				00B3F8C2132C70B6003A4FCD /* ApplicationServices.framework */,
				002A0A4E13243E1500320A06 /* CLIServer */,
				002A0A4B13243E1500320A06 /* Frameworks */,
				002A0A4913243E1500320A06 /* Products */,
			);
			sourceTree = "<group>";
		};
		002A0A4913243E1500320A06 /* Products */ = {
			isa = PBXGroup;
			children = (
				002A0A4813243E1500320A06 /* CLIServer */,
			);
			name = Products;
			sourceTree = "<group>";
		};
		002A0A4B13243E1500320A06 /* Frameworks */ = {
			isa = PBXGroup;
			children = (
				00DCDF5C136CBC92002A37F6 /* libhttpserve.a */,
				00A6305C135E8BFA0084BB4F /* libmedia-management-common-x86_64.a */,
				00E35DBF132C048E00D25EFF /* httpserve */,
				00E35DCA132C048E00D25EFF /* json */,
				00E35DD8132C04ED00D25EFF /* CoreServices.framework */,
				002A0A4C13243E1500320A06 /* Foundation.framework */,
			);
			name = Frameworks;
			sourceTree = "<group>";
		};
		002A0A4E13243E1500320A06 /* CLIServer */ = {
			isa = PBXGroup;
			children = (
				00A74A08136CECA10081E54F /* ScriptingBridge */,
				00A74A0A136CFF510081E54F /* assemblers */,
				00B3F8BE132C6611003A4FCD /* repository */,
				00B3F8BA132C6601003A4FCD /* resource */,
				002A0A4F13243E1500320A06 /* main.m */,
				002A0A5313243E1500320A06 /* CLIServer.1 */,
				002A0A5113243E1500320A06 /* Supporting Files */,
			);
			path = CLIServer;
			sourceTree = "<group>";
		};
		002A0A5113243E1500320A06 /* Supporting Files */ = {
			isa = PBXGroup;
			children = (
				002A0A5213243E1500320A06 /* CLIServer-Prefix.pch */,
			);
			name = "Supporting Files";
			sourceTree = "<group>";
		};
		00A63056135E8B860084BB4F /* debug */ = {
			isa = PBXGroup;
			children = (
				00A63057135E8B860084BB4F /* libhttpserve-x86_64.a */,
			);
			path = debug;
			sourceTree = "<group>";
		};
		00A63058135E8B860084BB4F /* release */ = {
			isa = PBXGroup;
			children = (
				00A63059135E8B860084BB4F /* libhttpserve-x86_64.a */,
			);
			path = release;
			sourceTree = "<group>";
		};
		00A74A08136CECA10081E54F /* ScriptingBridge */ = {
			isa = PBXGroup;
			children = (
				00A74A09136CECA10081E54F /* iTunes.h */,
			);
			name = ScriptingBridge;
			path = itunes/ScriptingBridge;
			sourceTree = "<group>";
		};
		00A74A0A136CFF510081E54F /* assemblers */ = {
			isa = PBXGroup;
			children = (
				00A74A12136CFFA40081E54F /* ContentAssembler+iTunes.h */,
				00A74A13136CFFA40081E54F /* ContentAssembler+iTunes.m */,
			);
			name = assemblers;
			sourceTree = "<group>";
		};
		00B3F8BA132C6601003A4FCD /* resource */ = {
			isa = PBXGroup;
			children = (
				00B3F8BB132C6601003A4FCD /* MovieResource.h */,
				00B3F8BC132C6601003A4FCD /* MovieResource.m */,
				00C76DCC13492FA70057F9E6 /* MusicResource.h */,
				00C76DCD13492FA70057F9E6 /* MusicResource.m */,
			);
			path = resource;
			sourceTree = "<group>";
		};
		00B3F8BE132C6611003A4FCD /* repository */ = {
			isa = PBXGroup;
			children = (
				00B3F8BF132C6624003A4FCD /* iTunesContentRepository.h */,
				00B3F8C0132C6624003A4FCD /* iTunesContentRepository.m */,
			);
			name = repository;
			path = itunes;
			sourceTree = "<group>";
		};
		00E35DBF132C048E00D25EFF /* httpserve */ = {
			isa = PBXGroup;
			children = (
				00A63056135E8B860084BB4F /* debug */,
				00A63058135E8B860084BB4F /* release */,
				00E35DC0132C048E00D25EFF /* include */,
			);
			name = httpserve;
			path = libraries/httpserve;
			sourceTree = "<group>";
		};
		00E35DC0132C048E00D25EFF /* include */ = {
			isa = PBXGroup;
			children = (
				00E35DC1132C048E00D25EFF /* HttpMethod.h */,
				00E35DC2132C048E00D25EFF /* HSHTTPServe.h */,
				00E35DC3132C048E00D25EFF /* Request.h */,
				00E35DC4132C048E00D25EFF /* RequestHandler.h */,
				00E35DC5132C048E00D25EFF /* HSResourceDescriptor.h */,
				00E35DC6132C048E00D25EFF /* HSResponse.h */,
				00E35DC7132C048E00D25EFF /* ResponseCode.h */,
				00E35DC8132C048E00D25EFF /* RestResource.h */,
			);
			path = include;
			sourceTree = "<group>";
		};
		00E35DCA132C048E00D25EFF /* json */ = {
			isa = PBXGroup;
			children = (
				00323D8E132C1B25003BED87 /* liblibjson-i386.a */,
				00323D8F132C1B25003BED87 /* liblibjson-x86_64.a */,
				00E35DCB132C048E00D25EFF /* include */,
			);
			name = json;
			path = libraries/json;
			sourceTree = "<group>";
		};
		00E35DCB132C048E00D25EFF /* include */ = {
			isa = PBXGroup;
			children = (
				00E35DCC132C048E00D25EFF /* JSON */,
			);
			path = include;
			sourceTree = "<group>";
		};
		00E35DCC132C048E00D25EFF /* JSON */ = {
			isa = PBXGroup;
			children = (
				00E35DCD132C048E00D25EFF /* JSON.h */,
				00E35DCE132C048E00D25EFF /* NSObject+JSON.h */,
				00E35DCF132C048E00D25EFF /* SBJsonParser.h */,
				00E35DD0132C048E00D25EFF /* SBJsonStreamParser.h */,
				00E35DD1132C048E00D25EFF /* SBJsonStreamParserAdapter.h */,
				00E35DD2132C048E00D25EFF /* SBJsonStreamWriter.h */,
				00E35DD3132C048E00D25EFF /* SBJsonTokeniser.h */,
				00E35DD4132C048E00D25EFF /* SBJsonWriter.h */,
			);
			path = JSON;
			sourceTree = "<group>";
		};
/* End PBXGroup section */

/* Begin PBXNativeTarget section */
		002A0A4713243E1500320A06 /* CLIServer */ = {
			isa = PBXNativeTarget;
			buildConfigurationList = 002A0A5613243E1500320A06 /* Build configuration list for PBXNativeTarget "CLIServer" */;
			buildPhases = (
				002A0A4413243E1500320A06 /* Sources */,
				002A0A4513243E1500320A06 /* Frameworks */,
				002A0A4613243E1500320A06 /* CopyFiles */,
			);
			buildRules = (
			);
			dependencies = (
			);
			name = CLIServer;
			productName = CLIServer;
			productReference = 002A0A4813243E1500320A06 /* CLIServer */;
			productType = "com.apple.product-type.tool";
		};
/* End PBXNativeTarget section */

/* Begin PBXProject section */
		002A0A3F13243E1400320A06 /* Project object */ = {
			isa = PBXProject;
			buildConfigurationList = 002A0A4213243E1400320A06 /* Build configuration list for PBXProject "CLIServer" */;
			compatibilityVersion = "Xcode 3.2";
			developmentRegion = English;
			hasScannedForEncodings = 0;
			knownRegions = (
				en,
			);
			mainGroup = 002A0A3D13243E1400320A06;
			productRefGroup = 002A0A4913243E1500320A06 /* Products */;
			projectDirPath = "";
			projectRoot = "";
			targets = (
				002A0A4713243E1500320A06 /* CLIServer */,
			);
		};
/* End PBXProject section */

/* Begin PBXSourcesBuildPhase section */
		002A0A4413243E1500320A06 /* Sources */ = {
			isa = PBXSourcesBuildPhase;
			buildActionMask = 2147483647;
			files = (
				002A0A5013243E1500320A06 /* main.m in Sources */,
				00B3F8BD132C6601003A4FCD /* MovieResource.m in Sources */,
				00B3F8C1132C6624003A4FCD /* iTunesContentRepository.m in Sources */,
				00C76DCE13492FA70057F9E6 /* MusicResource.m in Sources */,
				00A74A14136CFFA40081E54F /* ContentAssembler+iTunes.m in Sources */,
			);
			runOnlyForDeploymentPostprocessing = 0;
		};
/* End PBXSourcesBuildPhase section */

/* Begin XCBuildConfiguration section */
		002A0A5413243E1500320A06 /* Debug */ = {
			isa = XCBuildConfiguration;
			buildSettings = {
				ARCHS = "$(ARCHS_STANDARD_32_64_BIT)";
				GCC_C_LANGUAGE_STANDARD = gnu99;
				GCC_OPTIMIZATION_LEVEL = 0;
				GCC_PREPROCESSOR_DEFINITIONS = DEBUG;
				GCC_SYMBOLS_PRIVATE_EXTERN = NO;
				GCC_VERSION = com.apple.compilers.llvm.clang.1_0;
				GCC_WARN_64_TO_32_BIT_CONVERSION = YES;
				GCC_WARN_ABOUT_RETURN_TYPE = YES;
				GCC_WARN_UNUSED_VARIABLE = YES;
				MACOSX_DEPLOYMENT_TARGET = 10.6;
				ONLY_ACTIVE_ARCH = YES;
				SDKROOT = macosx;
			};
			name = Debug;
		};
		002A0A5513243E1500320A06 /* Release */ = {
			isa = XCBuildConfiguration;
			buildSettings = {
				ARCHS = "$(ARCHS_STANDARD_32_64_BIT)";
				GCC_C_LANGUAGE_STANDARD = gnu99;
				GCC_VERSION = com.apple.compilers.llvm.clang.1_0;
				GCC_WARN_64_TO_32_BIT_CONVERSION = YES;
				GCC_WARN_ABOUT_RETURN_TYPE = YES;
				GCC_WARN_UNUSED_VARIABLE = YES;
				MACOSX_DEPLOYMENT_TARGET = 10.6;
				SDKROOT = macosx;
			};
			name = Release;
		};
		002A0A5713243E1500320A06 /* Debug */ = {
			isa = XCBuildConfiguration;
			buildSettings = {
				ALWAYS_SEARCH_USER_PATHS = NO;
				COPY_PHASE_STRIP = NO;
				GCC_DYNAMIC_NO_PIC = NO;
				GCC_ENABLE_OBJC_EXCEPTIONS = YES;
				GCC_PRECOMPILE_PREFIX_HEADER = YES;
				GCC_PREFIX_HEADER = "CLIServer/CLIServer-Prefix.pch";
				HEADER_SEARCH_PATHS = "";
				LIBRARY_SEARCH_PATHS = (
					"$(inherited)",
					"\"$(SRCROOT)/libraries/httpserve\"",
					"\"$(SRCROOT)/libraries/json\"",
					"\"$(SRCROOT)\"",
					"/Users/olarivain/Library/Developer/Xcode/DerivedData/iTunesServeWorkspace-gdxtkgyggbibwjhhjbsbgncjwxri/Build/Products/Debug",
					"\"$(SRCROOT)/libraries/httpserve/debug\"",
					"\"$(SRCROOT)/libraries/httpserve/release\"",
					"\"$(SRCROOT)/libraries\"",
				);
				ONLY_ACTIVE_ARCH = NO;
				PRODUCT_NAME = "$(TARGET_NAME)";
				USER_HEADER_SEARCH_PATHS = "/Users/olarivain/Development/XCode\\ 4/MediaManagementCommon/MediaManagementCommon/**";
			};
			name = Debug;
		};
		002A0A5813243E1500320A06 /* Release */ = {
			isa = XCBuildConfiguration;
			buildSettings = {
				ALWAYS_SEARCH_USER_PATHS = NO;
				COPY_PHASE_STRIP = YES;
				DEBUG_INFORMATION_FORMAT = "dwarf-with-dsym";
				GCC_ENABLE_OBJC_EXCEPTIONS = YES;
				GCC_PRECOMPILE_PREFIX_HEADER = YES;
				GCC_PREFIX_HEADER = "CLIServer/CLIServer-Prefix.pch";
				HEADER_SEARCH_PATHS = "";
				LIBRARY_SEARCH_PATHS = (
					"$(inherited)",
					"\"$(SRCROOT)/libraries/httpserve\"",
					"\"$(SRCROOT)/libraries/json\"",
					"\"$(SRCROOT)\"",
					"/Users/olarivain/Library/Developer/Xcode/DerivedData/iTunesServeWorkspace-gdxtkgyggbibwjhhjbsbgncjwxri/Build/Products/Debug",
					"\"$(SRCROOT)/libraries/httpserve/debug\"",
					"\"$(SRCROOT)/libraries/httpserve/release\"",
					"\"$(SRCROOT)/libraries\"",
				);
				PRODUCT_NAME = "$(TARGET_NAME)";
				USER_HEADER_SEARCH_PATHS = "/Users/olarivain/Development/XCode\\ 4/MediaManagementCommon/MediaManagementCommon/**";
			};
			name = Release;
		};
/* End XCBuildConfiguration section */

/* Begin XCConfigurationList section */
		002A0A4213243E1400320A06 /* Build configuration list for PBXProject "CLIServer" */ = {
			isa = XCConfigurationList;
			buildConfigurations = (
				002A0A5413243E1500320A06 /* Debug */,
				002A0A5513243E1500320A06 /* Release */,
			);
			defaultConfigurationIsVisible = 0;
			defaultConfigurationName = Release;
		};
		002A0A5613243E1500320A06 /* Build configuration list for PBXNativeTarget "CLIServer" */ = {
			isa = XCConfigurationList;
			buildConfigurations = (
				002A0A5713243E1500320A06 /* Debug */,
				002A0A5813243E1500320A06 /* Release */,
			);
			defaultConfigurationIsVisible = 0;
			defaultConfigurationName = Release;
		};
/* End XCConfigurationList section */
	};
	rootObject = 002A0A3F13243E1400320A06 /* Project object */;
}
