// !$*UTF8*$!
{
	archiveVersion = 1;
	classes = {
	};
	objectVersion = 46;
	objects = {

/* Begin PBXBuildFile section */
		00286EED1371183100EAB58A /* iTunesTracksWrapper.m in Sources */ = {isa = PBXBuildFile; fileRef = 00286EEC1371183100EAB58A /* iTunesTracksWrapper.m */; };
		00286EF013711EA900EAB58A /* ShowsResource.m in Sources */ = {isa = PBXBuildFile; fileRef = 00286EEF13711EA900EAB58A /* ShowsResource.m */; };
		00286EF313711ED800EAB58A /* AbstractContentResource.m in Sources */ = {isa = PBXBuildFile; fileRef = 00286EF213711ED800EAB58A /* AbstractContentResource.m */; };
		002A0A4D13243E1500320A06 /* Foundation.framework in Frameworks */ = {isa = PBXBuildFile; fileRef = 002A0A4C13243E1500320A06 /* Foundation.framework */; };
		002A0A5013243E1500320A06 /* main.m in Sources */ = {isa = PBXBuildFile; fileRef = 002A0A4F13243E1500320A06 /* main.m */; };
		00655C3A1371058D00E38887 /* PodcastResource.m in Sources */ = {isa = PBXBuildFile; fileRef = 00655C391371058D00E38887 /* PodcastResource.m */; };
		00655C4E13710E2E00E38887 /* libhttpserve.a in Frameworks */ = {isa = PBXBuildFile; fileRef = 00655C4C13710E2E00E38887 /* libhttpserve.a */; };
		00655C4F13710E2E00E38887 /* libmedia-management-common.a in Frameworks */ = {isa = PBXBuildFile; fileRef = 00655C4D13710E2E00E38887 /* libmedia-management-common.a */; };
		009EE49E136DF641008EEEA5 /* ContentAssembler+iTunes.m in Sources */ = {isa = PBXBuildFile; fileRef = 009EE493136DF641008EEEA5 /* ContentAssembler+iTunes.m */; };
		009EE49F136DF641008EEEA5 /* iTunesContentRepository.m in Sources */ = {isa = PBXBuildFile; fileRef = 009EE496136DF641008EEEA5 /* iTunesContentRepository.m */; };
		009EE4A0136DF641008EEEA5 /* MovieResource.m in Sources */ = {isa = PBXBuildFile; fileRef = 009EE499136DF641008EEEA5 /* MovieResource.m */; };
		009EE4A1136DF641008EEEA5 /* MusicResource.m in Sources */ = {isa = PBXBuildFile; fileRef = 009EE49B136DF641008EEEA5 /* MusicResource.m */; };
		00A74A05136CEB7F0081E54F /* ScriptingBridge.framework in Frameworks */ = {isa = PBXBuildFile; fileRef = 00A74A04136CEB7F0081E54F /* ScriptingBridge.framework */; };
		00B3F8C3132C70B6003A4FCD /* ApplicationServices.framework in Frameworks */ = {isa = PBXBuildFile; fileRef = 00B3F8C2132C70B6003A4FCD /* ApplicationServices.framework */; };
		00B3F8C5132C70F3003A4FCD /* AppKit.framework in Frameworks */ = {isa = PBXBuildFile; fileRef = 00B3F8C4132C70F3003A4FCD /* AppKit.framework */; };
		00E35DD9132C04ED00D25EFF /* CoreServices.framework in Frameworks */ = {isa = PBXBuildFile; fileRef = 00E35DD8132C04ED00D25EFF /* CoreServices.framework */; };
		00FE69A7136FD81300647ED4 /* iTunesUtil.m in Sources */ = {isa = PBXBuildFile; fileRef = 00FE69A6136FD81300647ED4 /* iTunesUtil.m */; };
/* End PBXBuildFile section */

/* Begin PBXCopyFilesBuildPhase section */
		002A0A4613243E1500320A06 /* CopyFiles */ = {
			isa = PBXCopyFilesBuildPhase;
			buildActionMask = 2147483647;
			dstPath = /usr/share/man/man1/;
			dstSubfolderSpec = 0;
			files = (
			);
			runOnlyForDeploymentPostprocessing = 1;
		};
/* End PBXCopyFilesBuildPhase section */

/* Begin PBXFileReference section */
		00286EE9137114DC00EAB58A /* blogs-test-harness.html */ = {isa = PBXFileReference; fileEncoding = 4; lastKnownFileType = text.html; path = "blogs-test-harness.html"; sourceTree = "<group>"; };
		00286EEB1371183100EAB58A /* iTunesTracksWrapper.h */ = {isa = PBXFileReference; fileEncoding = 4; lastKnownFileType = sourcecode.c.h; path = iTunesTracksWrapper.h; sourceTree = "<group>"; };
		00286EEC1371183100EAB58A /* iTunesTracksWrapper.m */ = {isa = PBXFileReference; fileEncoding = 4; lastKnownFileType = sourcecode.c.objc; path = iTunesTracksWrapper.m; sourceTree = "<group>"; };
		00286EEE13711EA900EAB58A /* ShowsResource.h */ = {isa = PBXFileReference; fileEncoding = 4; lastKnownFileType = sourcecode.c.h; path = ShowsResource.h; sourceTree = "<group>"; };
		00286EEF13711EA900EAB58A /* ShowsResource.m */ = {isa = PBXFileReference; fileEncoding = 4; lastKnownFileType = sourcecode.c.objc; path = ShowsResource.m; sourceTree = "<group>"; };
		00286EF113711ED800EAB58A /* AbstractContentResource.h */ = {isa = PBXFileReference; fileEncoding = 4; lastKnownFileType = sourcecode.c.h; path = AbstractContentResource.h; sourceTree = "<group>"; };
		00286EF213711ED800EAB58A /* AbstractContentResource.m */ = {isa = PBXFileReference; fileEncoding = 4; lastKnownFileType = sourcecode.c.objc; path = AbstractContentResource.m; sourceTree = "<group>"; };
		002A0A4813243E1500320A06 /* CLIServer */ = {isa = PBXFileReference; explicitFileType = "compiled.mach-o.executable"; includeInIndex = 0; path = CLIServer; sourceTree = BUILT_PRODUCTS_DIR; };
		002A0A4C13243E1500320A06 /* Foundation.framework */ = {isa = PBXFileReference; lastKnownFileType = wrapper.framework; name = Foundation.framework; path = System/Library/Frameworks/Foundation.framework; sourceTree = SDKROOT; };
		002A0A4F13243E1500320A06 /* main.m */ = {isa = PBXFileReference; lastKnownFileType = sourcecode.c.objc; path = main.m; sourceTree = "<group>"; };
		002A0A5213243E1500320A06 /* CLIServer-Prefix.pch */ = {isa = PBXFileReference; lastKnownFileType = sourcecode.c.h; path = "CLIServer-Prefix.pch"; sourceTree = "<group>"; };
		002A0A5313243E1500320A06 /* CLIServer.1 */ = {isa = PBXFileReference; lastKnownFileType = text.man; path = CLIServer.1; sourceTree = "<group>"; };
		00655C381371058D00E38887 /* PodcastResource.h */ = {isa = PBXFileReference; fileEncoding = 4; lastKnownFileType = sourcecode.c.h; path = PodcastResource.h; sourceTree = "<group>"; };
		00655C391371058D00E38887 /* PodcastResource.m */ = {isa = PBXFileReference; fileEncoding = 4; lastKnownFileType = sourcecode.c.objc; path = PodcastResource.m; sourceTree = "<group>"; };
		00655C4C13710E2E00E38887 /* libhttpserve.a */ = {isa = PBXFileReference; explicitFileType = archive.ar; path = libhttpserve.a; sourceTree = SOURCE_ROOT; };
		00655C4D13710E2E00E38887 /* libmedia-management-common.a */ = {isa = PBXFileReference; explicitFileType = archive.ar; path = "libmedia-management-common.a"; sourceTree = SOURCE_ROOT; };
		00978200132C803A00F5E563 /* Automator.framework */ = {isa = PBXFileReference; lastKnownFileType = wrapper.framework; name = Automator.framework; path = System/Library/Frameworks/Automator.framework; sourceTree = SDKROOT; };
		009EE492136DF641008EEEA5 /* ContentAssembler+iTunes.h */ = {isa = PBXFileReference; fileEncoding = 4; lastKnownFileType = sourcecode.c.h; path = "ContentAssembler+iTunes.h"; sourceTree = "<group>"; };
		009EE493136DF641008EEEA5 /* ContentAssembler+iTunes.m */ = {isa = PBXFileReference; fileEncoding = 4; lastKnownFileType = sourcecode.c.objc; path = "ContentAssembler+iTunes.m"; sourceTree = "<group>"; };
		009EE495136DF641008EEEA5 /* iTunesContentRepository.h */ = {isa = PBXFileReference; fileEncoding = 4; lastKnownFileType = sourcecode.c.h; path = iTunesContentRepository.h; sourceTree = "<group>"; };
		009EE496136DF641008EEEA5 /* iTunesContentRepository.m */ = {isa = PBXFileReference; fileEncoding = 4; lastKnownFileType = sourcecode.c.objc; path = iTunesContentRepository.m; sourceTree = "<group>"; };
		009EE498136DF641008EEEA5 /* MovieResource.h */ = {isa = PBXFileReference; fileEncoding = 4; lastKnownFileType = sourcecode.c.h; path = MovieResource.h; sourceTree = "<group>"; };
		009EE499136DF641008EEEA5 /* MovieResource.m */ = {isa = PBXFileReference; fileEncoding = 4; lastKnownFileType = sourcecode.c.objc; path = MovieResource.m; sourceTree = "<group>"; };
		009EE49A136DF641008EEEA5 /* MusicResource.h */ = {isa = PBXFileReference; fileEncoding = 4; lastKnownFileType = sourcecode.c.h; path = MusicResource.h; sourceTree = "<group>"; };
		009EE49B136DF641008EEEA5 /* MusicResource.m */ = {isa = PBXFileReference; fileEncoding = 4; lastKnownFileType = sourcecode.c.objc; path = MusicResource.m; sourceTree = "<group>"; };
		009EE49D136DF641008EEEA5 /* iTunes.h */ = {isa = PBXFileReference; fileEncoding = 4; lastKnownFileType = sourcecode.c.h; path = iTunes.h; sourceTree = "<group>"; };
		00A74A04136CEB7F0081E54F /* ScriptingBridge.framework */ = {isa = PBXFileReference; lastKnownFileType = wrapper.framework; name = ScriptingBridge.framework; path = System/Library/Frameworks/ScriptingBridge.framework; sourceTree = SDKROOT; };
		00B3F8C2132C70B6003A4FCD /* ApplicationServices.framework */ = {isa = PBXFileReference; lastKnownFileType = wrapper.framework; name = ApplicationServices.framework; path = System/Library/Frameworks/ApplicationServices.framework; sourceTree = SDKROOT; };
		00B3F8C4132C70F3003A4FCD /* AppKit.framework */ = {isa = PBXFileReference; lastKnownFileType = wrapper.framework; name = AppKit.framework; path = System/Library/Frameworks/AppKit.framework; sourceTree = SDKROOT; };
		00E35DD8132C04ED00D25EFF /* CoreServices.framework */ = {isa = PBXFileReference; lastKnownFileType = wrapper.framework; name = CoreServices.framework; path = System/Library/Frameworks/CoreServices.framework; sourceTree = SDKROOT; };
		00FE69A5136FD81300647ED4 /* iTunesUtil.h */ = {isa = PBXFileReference; fileEncoding = 4; lastKnownFileType = sourcecode.c.h; path = iTunesUtil.h; sourceTree = "<group>"; };
		00FE69A6136FD81300647ED4 /* iTunesUtil.m */ = {isa = PBXFileReference; fileEncoding = 4; lastKnownFileType = sourcecode.c.objc; path = iTunesUtil.m; sourceTree = "<group>"; };
/* End PBXFileReference section */

/* Begin PBXFrameworksBuildPhase section */
		002A0A4513243E1500320A06 /* Frameworks */ = {
			isa = PBXFrameworksBuildPhase;
			buildActionMask = 2147483647;
			files = (
				00655C4E13710E2E00E38887 /* libhttpserve.a in Frameworks */,
				00655C4F13710E2E00E38887 /* libmedia-management-common.a in Frameworks */,
				00A74A05136CEB7F0081E54F /* ScriptingBridge.framework in Frameworks */,
				00B3F8C5132C70F3003A4FCD /* AppKit.framework in Frameworks */,
				00B3F8C3132C70B6003A4FCD /* ApplicationServices.framework in Frameworks */,
				00E35DD9132C04ED00D25EFF /* CoreServices.framework in Frameworks */,
				002A0A4D13243E1500320A06 /* Foundation.framework in Frameworks */,
			);
			runOnlyForDeploymentPostprocessing = 0;
		};
/* End PBXFrameworksBuildPhase section */

/* Begin PBXGroup section */
		00286EE8137114DC00EAB58A /* test-harness */ = {
			isa = PBXGroup;
			children = (
				00286EE9137114DC00EAB58A /* blogs-test-harness.html */,
			);
			path = "test-harness";
			sourceTree = "<group>";
		};
		002A0A3D13243E1400320A06 = {
			isa = PBXGroup;
			children = (
				002A0A4E13243E1500320A06 /* CLIServer */,
				00286EE8137114DC00EAB58A /* test-harness */,
				002A0A4B13243E1500320A06 /* Frameworks */,
				002A0A4913243E1500320A06 /* Products */,
			);
			sourceTree = "<group>";
		};
		002A0A4913243E1500320A06 /* Products */ = {
			isa = PBXGroup;
			children = (
				002A0A4813243E1500320A06 /* CLIServer */,
			);
			name = Products;
			sourceTree = "<group>";
		};
		002A0A4B13243E1500320A06 /* Frameworks */ = {
			isa = PBXGroup;
			children = (
				00655C4C13710E2E00E38887 /* libhttpserve.a */,
				00655C4D13710E2E00E38887 /* libmedia-management-common.a */,
				00A74A04136CEB7F0081E54F /* ScriptingBridge.framework */,
				00978200132C803A00F5E563 /* Automator.framework */,
				00B3F8C4132C70F3003A4FCD /* AppKit.framework */,
				00B3F8C2132C70B6003A4FCD /* ApplicationServices.framework */,
				00E35DD8132C04ED00D25EFF /* CoreServices.framework */,
				002A0A4C13243E1500320A06 /* Foundation.framework */,
			);
			name = Frameworks;
			sourceTree = "<group>";
		};
		002A0A4E13243E1500320A06 /* CLIServer */ = {
			isa = PBXGroup;
			children = (
				009EE490136DF641008EEEA5 /* itunes */,
				002A0A4F13243E1500320A06 /* main.m */,
				002A0A5313243E1500320A06 /* CLIServer.1 */,
				002A0A5113243E1500320A06 /* Supporting Files */,
			);
			path = CLIServer;
			sourceTree = "<group>";
		};
		002A0A5113243E1500320A06 /* Supporting Files */ = {
			isa = PBXGroup;
			children = (
				002A0A5213243E1500320A06 /* CLIServer-Prefix.pch */,
			);
			name = "Supporting Files";
			sourceTree = "<group>";
		};
		009EE490136DF641008EEEA5 /* itunes */ = {
			isa = PBXGroup;
			children = (
				009EE491136DF641008EEEA5 /* assembler */,
				009EE494136DF641008EEEA5 /* repository */,
				009EE497136DF641008EEEA5 /* resource */,
				009EE49C136DF641008EEEA5 /* ScriptingBridge */,
				00FE69A3136FD7F500647ED4 /* util */,
			);
			path = itunes;
			sourceTree = "<group>";
		};
		009EE491136DF641008EEEA5 /* assembler */ = {
			isa = PBXGroup;
			children = (
				009EE492136DF641008EEEA5 /* ContentAssembler+iTunes.h */,
				009EE493136DF641008EEEA5 /* ContentAssembler+iTunes.m */,
			);
			path = assembler;
			sourceTree = "<group>";
		};
		009EE494136DF641008EEEA5 /* repository */ = {
			isa = PBXGroup;
			children = (
				009EE495136DF641008EEEA5 /* iTunesContentRepository.h */,
				009EE496136DF641008EEEA5 /* iTunesContentRepository.m */,
			);
			path = repository;
			sourceTree = "<group>";
		};
		009EE497136DF641008EEEA5 /* resource */ = {
			isa = PBXGroup;
			children = (
				00286EF113711ED800EAB58A /* AbstractContentResource.h */,
				00286EF213711ED800EAB58A /* AbstractContentResource.m */,
				009EE498136DF641008EEEA5 /* MovieResource.h */,
				009EE499136DF641008EEEA5 /* MovieResource.m */,
				009EE49A136DF641008EEEA5 /* MusicResource.h */,
				009EE49B136DF641008EEEA5 /* MusicResource.m */,
				00655C381371058D00E38887 /* PodcastResource.h */,
				00655C391371058D00E38887 /* PodcastResource.m */,
				00286EEE13711EA900EAB58A /* ShowsResource.h */,
				00286EEF13711EA900EAB58A /* ShowsResource.m */,
			);
			path = resource;
			sourceTree = "<group>";
		};
		009EE49C136DF641008EEEA5 /* ScriptingBridge */ = {
			isa = PBXGroup;
			children = (
				009EE49D136DF641008EEEA5 /* iTunes.h */,
			);
			path = ScriptingBridge;
			sourceTree = "<group>";
		};
		00FE69A3136FD7F500647ED4 /* util */ = {
			isa = PBXGroup;
			children = (
				00FE69A5136FD81300647ED4 /* iTunesUtil.h */,
				00FE69A6136FD81300647ED4 /* iTunesUtil.m */,
				00286EEB1371183100EAB58A /* iTunesTracksWrapper.h */,
				00286EEC1371183100EAB58A /* iTunesTracksWrapper.m */,
			);
			path = util;
			sourceTree = "<group>";
		};
/* End PBXGroup section */

/* Begin PBXNativeTarget section */
		002A0A4713243E1500320A06 /* CLIServer */ = {
			isa = PBXNativeTarget;
			buildConfigurationList = 002A0A5613243E1500320A06 /* Build configuration list for PBXNativeTarget "CLIServer" */;
			buildPhases = (
				002A0A4413243E1500320A06 /* Sources */,
				002A0A4513243E1500320A06 /* Frameworks */,
				002A0A4613243E1500320A06 /* CopyFiles */,
			);
			buildRules = (
			);
			dependencies = (
			);
			name = CLIServer;
			productName = CLIServer;
			productReference = 002A0A4813243E1500320A06 /* CLIServer */;
			productType = "com.apple.product-type.tool";
		};
/* End PBXNativeTarget section */

/* Begin PBXProject section */
		002A0A3F13243E1400320A06 /* Project object */ = {
			isa = PBXProject;
			buildConfigurationList = 002A0A4213243E1400320A06 /* Build configuration list for PBXProject "CLIServer" */;
			compatibilityVersion = "Xcode 3.2";
			developmentRegion = English;
			hasScannedForEncodings = 0;
			knownRegions = (
				en,
			);
			mainGroup = 002A0A3D13243E1400320A06;
			productRefGroup = 002A0A4913243E1500320A06 /* Products */;
			projectDirPath = "";
			projectRoot = "";
			targets = (
				002A0A4713243E1500320A06 /* CLIServer */,
			);
		};
/* End PBXProject section */

/* Begin PBXSourcesBuildPhase section */
		002A0A4413243E1500320A06 /* Sources */ = {
			isa = PBXSourcesBuildPhase;
			buildActionMask = 2147483647;
			files = (
				002A0A5013243E1500320A06 /* main.m in Sources */,
				009EE49E136DF641008EEEA5 /* ContentAssembler+iTunes.m in Sources */,
				009EE49F136DF641008EEEA5 /* iTunesContentRepository.m in Sources */,
				009EE4A0136DF641008EEEA5 /* MovieResource.m in Sources */,
				009EE4A1136DF641008EEEA5 /* MusicResource.m in Sources */,
				00FE69A7136FD81300647ED4 /* iTunesUtil.m in Sources */,
				00655C3A1371058D00E38887 /* PodcastResource.m in Sources */,
				00286EED1371183100EAB58A /* iTunesTracksWrapper.m in Sources */,
				00286EF013711EA900EAB58A /* ShowsResource.m in Sources */,
				00286EF313711ED800EAB58A /* AbstractContentResource.m in Sources */,
			);
			runOnlyForDeploymentPostprocessing = 0;
		};
/* End PBXSourcesBuildPhase section */

/* Begin XCBuildConfiguration section */
		002A0A5413243E1500320A06 /* Debug */ = {
			isa = XCBuildConfiguration;
			buildSettings = {
				ARCHS = "$(ARCHS_STANDARD_32_64_BIT)";
				GCC_C_LANGUAGE_STANDARD = gnu99;
				GCC_OPTIMIZATION_LEVEL = 0;
				GCC_PREPROCESSOR_DEFINITIONS = DEBUG;
				GCC_SYMBOLS_PRIVATE_EXTERN = NO;
				GCC_VERSION = com.apple.compilers.llvm.clang.1_0;
				GCC_WARN_64_TO_32_BIT_CONVERSION = YES;
				GCC_WARN_ABOUT_RETURN_TYPE = YES;
				GCC_WARN_UNUSED_VARIABLE = YES;
				MACOSX_DEPLOYMENT_TARGET = 10.6;
				ONLY_ACTIVE_ARCH = YES;
				SDKROOT = macosx;
			};
			name = Debug;
		};
		002A0A5513243E1500320A06 /* Release */ = {
			isa = XCBuildConfiguration;
			buildSettings = {
				ARCHS = "$(ARCHS_STANDARD_32_64_BIT)";
				GCC_C_LANGUAGE_STANDARD = gnu99;
				GCC_VERSION = com.apple.compilers.llvm.clang.1_0;
				GCC_WARN_64_TO_32_BIT_CONVERSION = YES;
				GCC_WARN_ABOUT_RETURN_TYPE = YES;
				GCC_WARN_UNUSED_VARIABLE = YES;
				MACOSX_DEPLOYMENT_TARGET = 10.6;
				SDKROOT = macosx;
			};
			name = Release;
		};
		002A0A5713243E1500320A06 /* Debug */ = {
			isa = XCBuildConfiguration;
			buildSettings = {
				ALWAYS_SEARCH_USER_PATHS = NO;
				COPY_PHASE_STRIP = NO;
				GCC_DYNAMIC_NO_PIC = NO;
				GCC_ENABLE_OBJC_EXCEPTIONS = YES;
				GCC_PRECOMPILE_PREFIX_HEADER = YES;
				GCC_PREFIX_HEADER = "CLIServer/CLIServer-Prefix.pch";
				HEADER_SEARCH_PATHS = "$(TARGET_BUILD_DIR)/usr/local/include";
				LIBRARY_SEARCH_PATHS = (
					"$(inherited)",
					"\"$(SRCROOT)/libraries/httpserve\"",
					"\"$(SRCROOT)/libraries/json\"",
					"\"$(SRCROOT)\"",
					"/Users/olarivain/Library/Developer/Xcode/DerivedData/iTunesServeWorkspace-gdxtkgyggbibwjhhjbsbgncjwxri/Build/Products/Debug",
					"\"$(SRCROOT)/libraries/httpserve/debug\"",
					"\"$(SRCROOT)/libraries/httpserve/release\"",
					"\"$(SRCROOT)/libraries\"",
				);
				ONLY_ACTIVE_ARCH = NO;
				PRODUCT_NAME = "$(TARGET_NAME)";
			};
			name = Debug;
		};
		002A0A5813243E1500320A06 /* Release */ = {
			isa = XCBuildConfiguration;
			buildSettings = {
				ALWAYS_SEARCH_USER_PATHS = NO;
				COPY_PHASE_STRIP = YES;
				DEBUG_INFORMATION_FORMAT = "dwarf-with-dsym";
				GCC_ENABLE_OBJC_EXCEPTIONS = YES;
				GCC_PRECOMPILE_PREFIX_HEADER = YES;
				GCC_PREFIX_HEADER = "CLIServer/CLIServer-Prefix.pch";
				HEADER_SEARCH_PATHS = "$(TARGET_BUILD_DIR)/usr/local/include";
				LIBRARY_SEARCH_PATHS = (
					"$(inherited)",
					"\"$(SRCROOT)/libraries/httpserve\"",
					"\"$(SRCROOT)/libraries/json\"",
					"\"$(SRCROOT)\"",
					"/Users/olarivain/Library/Developer/Xcode/DerivedData/iTunesServeWorkspace-gdxtkgyggbibwjhhjbsbgncjwxri/Build/Products/Debug",
					"\"$(SRCROOT)/libraries/httpserve/debug\"",
					"\"$(SRCROOT)/libraries/httpserve/release\"",
					"\"$(SRCROOT)/libraries\"",
				);
				PRODUCT_NAME = "$(TARGET_NAME)";
			};
			name = Release;
		};
/* End XCBuildConfiguration section */

/* Begin XCConfigurationList section */
		002A0A4213243E1400320A06 /* Build configuration list for PBXProject "CLIServer" */ = {
			isa = XCConfigurationList;
			buildConfigurations = (
				002A0A5413243E1500320A06 /* Debug */,
				002A0A5513243E1500320A06 /* Release */,
			);
			defaultConfigurationIsVisible = 0;
			defaultConfigurationName = Release;
		};
		002A0A5613243E1500320A06 /* Build configuration list for PBXNativeTarget "CLIServer" */ = {
			isa = XCConfigurationList;
			buildConfigurations = (
				002A0A5713243E1500320A06 /* Debug */,
				002A0A5813243E1500320A06 /* Release */,
			);
			defaultConfigurationIsVisible = 0;
			defaultConfigurationName = Release;
		};
/* End XCConfigurationList section */
	};
	rootObject = 002A0A3F13243E1400320A06 /* Project object */;
}
